// !$*UTF8*$!
{
	archiveVersion = 1;
	classes = {
	};
	objectVersion = 46;
	objects = {

/* Begin PBXBuildFile section */
		E5137C1E59EA48192CE10961 /* libPods-AMS.a in Frameworks */ = {isa = PBXBuildFile; fileRef = 39299C4EB4E7F4D14A078C4D /* libPods-AMS.a */; };
		EA1F6B411EA8B15600A3A26F /* HomeTableViewCell.m in Sources */ = {isa = PBXBuildFile; fileRef = EA1F6B3F1EA8B15600A3A26F /* HomeTableViewCell.m */; };
		EA1F6B421EA8B15600A3A26F /* HomeTableViewCell.xib in Resources */ = {isa = PBXBuildFile; fileRef = EA1F6B401EA8B15600A3A26F /* HomeTableViewCell.xib */; };
		EA23900A1EBA2C540098A867 /* MedicineTableViewCell.m in Sources */ = {isa = PBXBuildFile; fileRef = EA2390081EBA2C540098A867 /* MedicineTableViewCell.m */; };
		EA23900B1EBA2C540098A867 /* MedicineTableViewCell.xib in Resources */ = {isa = PBXBuildFile; fileRef = EA2390091EBA2C540098A867 /* MedicineTableViewCell.xib */; };
		EA23900E1EBA308B0098A867 /* CustomButton.m in Sources */ = {isa = PBXBuildFile; fileRef = EA23900D1EBA308B0098A867 /* CustomButton.m */; };
		EA2390111EBA366F0098A867 /* RowRecord.m in Sources */ = {isa = PBXBuildFile; fileRef = EA2390101EBA366F0098A867 /* RowRecord.m */; };
		EA241B591EB2E81A0070C508 /* ListDataRecord.m in Sources */ = {isa = PBXBuildFile; fileRef = EA241B581EB2E81A0070C508 /* ListDataRecord.m */; };
		EA241B5C1EB2E8310070C508 /* FoodRecord.m in Sources */ = {isa = PBXBuildFile; fileRef = EA241B5B1EB2E8310070C508 /* FoodRecord.m */; };
		EA25BBDA1ECA0A9F007B7722 /* CheckListDetailRecord.m in Sources */ = {isa = PBXBuildFile; fileRef = EA25BBD91ECA0A9F007B7722 /* CheckListDetailRecord.m */; };
		EA28355D1EC0D5F700318603 /* CommandRecord.m in Sources */ = {isa = PBXBuildFile; fileRef = EA28355C1EC0D5F700318603 /* CommandRecord.m */; };
		EA2835611EC0D99F00318603 /* StaffCommandTableViewCell.m in Sources */ = {isa = PBXBuildFile; fileRef = EA28355F1EC0D99F00318603 /* StaffCommandTableViewCell.m */; };
		EA2835621EC0D99F00318603 /* StaffCommandTableViewCell.xib in Resources */ = {isa = PBXBuildFile; fileRef = EA2835601EC0D99F00318603 /* StaffCommandTableViewCell.xib */; };
		EA2E87C91EC23E940037CE77 /* GeneralViewController1.m in Sources */ = {isa = PBXBuildFile; fileRef = EA2E87C71EC23E940037CE77 /* GeneralViewController1.m */; };
		EA2E87CA1EC23E940037CE77 /* GeneralViewController1.xib in Resources */ = {isa = PBXBuildFile; fileRef = EA2E87C81EC23E940037CE77 /* GeneralViewController1.xib */; };
		EA2E87CE1EC23EB00037CE77 /* GeneralViewController2.m in Sources */ = {isa = PBXBuildFile; fileRef = EA2E87CC1EC23EB00037CE77 /* GeneralViewController2.m */; };
		EA2E87CF1EC23EB00037CE77 /* GeneralViewController2.xib in Resources */ = {isa = PBXBuildFile; fileRef = EA2E87CD1EC23EB00037CE77 /* GeneralViewController2.xib */; };
		EA2E87D31EC23EC00037CE77 /* GeneralViewController3.m in Sources */ = {isa = PBXBuildFile; fileRef = EA2E87D11EC23EC00037CE77 /* GeneralViewController3.m */; };
		EA2E87D41EC23EC00037CE77 /* GeneralViewController3.xib in Resources */ = {isa = PBXBuildFile; fileRef = EA2E87D21EC23EC00037CE77 /* GeneralViewController3.xib */; };
		EA2E87D81EC23ED60037CE77 /* GeneralViewController4.m in Sources */ = {isa = PBXBuildFile; fileRef = EA2E87D61EC23ED60037CE77 /* GeneralViewController4.m */; };
		EA2E87D91EC23ED60037CE77 /* GeneralViewController4.xib in Resources */ = {isa = PBXBuildFile; fileRef = EA2E87D71EC23ED60037CE77 /* GeneralViewController4.xib */; };
		EA2F2F461ECC36E700A6F08A /* PhotoCollectionViewCell.m in Sources */ = {isa = PBXBuildFile; fileRef = EA2F2F441ECC36E700A6F08A /* PhotoCollectionViewCell.m */; };
		EA2F2F471ECC36E700A6F08A /* PhotoCollectionViewCell.xib in Resources */ = {isa = PBXBuildFile; fileRef = EA2F2F451ECC36E700A6F08A /* PhotoCollectionViewCell.xib */; };
		EA2FAAE11ECE16E2004F3B28 /* FoodViewController1.m in Sources */ = {isa = PBXBuildFile; fileRef = EA2FAADF1ECE16E2004F3B28 /* FoodViewController1.m */; };
		EA2FAAE21ECE16E2004F3B28 /* FoodViewController1.xib in Resources */ = {isa = PBXBuildFile; fileRef = EA2FAAE01ECE16E2004F3B28 /* FoodViewController1.xib */; };
		EA2FAAE61ECE16F1004F3B28 /* FoodViewController2.m in Sources */ = {isa = PBXBuildFile; fileRef = EA2FAAE41ECE16F1004F3B28 /* FoodViewController2.m */; };
		EA2FAAE71ECE16F1004F3B28 /* FoodViewController2.xib in Resources */ = {isa = PBXBuildFile; fileRef = EA2FAAE51ECE16F1004F3B28 /* FoodViewController2.xib */; };
		EA37C2621ED286E700ECD7EE /* UserAreaRecord.m in Sources */ = {isa = PBXBuildFile; fileRef = EA37C2611ED286E700ECD7EE /* UserAreaRecord.m */; };
		EA3A00431EBB738A002DFABE /* UploadQueue.m in Sources */ = {isa = PBXBuildFile; fileRef = EA3A00421EBB738A002DFABE /* UploadQueue.m */; };
		EA3A00461EBB7614002DFABE /* UploadResult.m in Sources */ = {isa = PBXBuildFile; fileRef = EA3A00451EBB7614002DFABE /* UploadResult.m */; };
		EA3A00491EBB7888002DFABE /* PhotoUpload.m in Sources */ = {isa = PBXBuildFile; fileRef = EA3A00481EBB7888002DFABE /* PhotoUpload.m */; };
		EA40AF281ECEA250002FA3B0 /* HEViewController1.m in Sources */ = {isa = PBXBuildFile; fileRef = EA40AF261ECEA250002FA3B0 /* HEViewController1.m */; };
		EA40AF291ECEA250002FA3B0 /* HEViewController1.xib in Resources */ = {isa = PBXBuildFile; fileRef = EA40AF271ECEA250002FA3B0 /* HEViewController1.xib */; };
		EA40AF2D1ECEA268002FA3B0 /* HEViewController2.m in Sources */ = {isa = PBXBuildFile; fileRef = EA40AF2B1ECEA268002FA3B0 /* HEViewController2.m */; };
		EA40AF2E1ECEA268002FA3B0 /* HEViewController2.xib in Resources */ = {isa = PBXBuildFile; fileRef = EA40AF2C1ECEA268002FA3B0 /* HEViewController2.xib */; };
		EA40AF321ECEA295002FA3B0 /* HEViewController3.m in Sources */ = {isa = PBXBuildFile; fileRef = EA40AF301ECEA295002FA3B0 /* HEViewController3.m */; };
		EA40AF331ECEA295002FA3B0 /* HEViewController3.xib in Resources */ = {isa = PBXBuildFile; fileRef = EA40AF311ECEA295002FA3B0 /* HEViewController3.xib */; };
		EA40AF371ECF158E002FA3B0 /* ManagerCommandViewController.m in Sources */ = {isa = PBXBuildFile; fileRef = EA40AF351ECF158E002FA3B0 /* ManagerCommandViewController.m */; };
		EA40AF381ECF158E002FA3B0 /* ManagerCommandViewController.xib in Resources */ = {isa = PBXBuildFile; fileRef = EA40AF361ECF158E002FA3B0 /* ManagerCommandViewController.xib */; };
		EA40E3DB1EB0811D000CE84F /* UploadViewController1.m in Sources */ = {isa = PBXBuildFile; fileRef = EA40E3D91EB0811D000CE84F /* UploadViewController1.m */; };
		EA40E3DC1EB0811D000CE84F /* UploadViewController1.xib in Resources */ = {isa = PBXBuildFile; fileRef = EA40E3DA1EB0811D000CE84F /* UploadViewController1.xib */; };
		EA40E3E01EB08136000CE84F /* UploadViewController2.m in Sources */ = {isa = PBXBuildFile; fileRef = EA40E3DE1EB08136000CE84F /* UploadViewController2.m */; };
		EA40E3E11EB08136000CE84F /* UploadViewController2.xib in Resources */ = {isa = PBXBuildFile; fileRef = EA40E3DF1EB08136000CE84F /* UploadViewController2.xib */; };
		EA40E3E51EB08149000CE84F /* UploadViewController3.m in Sources */ = {isa = PBXBuildFile; fileRef = EA40E3E31EB08149000CE84F /* UploadViewController3.m */; };
		EA40E3E61EB08149000CE84F /* UploadViewController3.xib in Resources */ = {isa = PBXBuildFile; fileRef = EA40E3E41EB08149000CE84F /* UploadViewController3.xib */; };
		EA40E3EA1EB08159000CE84F /* UploadViewController.m in Sources */ = {isa = PBXBuildFile; fileRef = EA40E3E81EB08159000CE84F /* UploadViewController.m */; };
		EA40E3EB1EB08159000CE84F /* UploadViewController.xib in Resources */ = {isa = PBXBuildFile; fileRef = EA40E3E91EB08159000CE84F /* UploadViewController.xib */; };
		EA4FC2771EC84A2D00286514 /* FishDeadRecord.m in Sources */ = {isa = PBXBuildFile; fileRef = EA4FC2761EC84A2D00286514 /* FishDeadRecord.m */; };
		EA4FC27A1EC84A4E00286514 /* DetailFishDeadRecord.m in Sources */ = {isa = PBXBuildFile; fileRef = EA4FC2791EC84A4E00286514 /* DetailFishDeadRecord.m */; };
		EA4FC27D1EC8633600286514 /* FishSizeRecord.m in Sources */ = {isa = PBXBuildFile; fileRef = EA4FC27C1EC8633600286514 /* FishSizeRecord.m */; };
		EA4FC2801EC8677B00286514 /* ChartFoodRecord.m in Sources */ = {isa = PBXBuildFile; fileRef = EA4FC27F1EC8677B00286514 /* ChartFoodRecord.m */; };
		EA4FC2831EC867C700286514 /* ChartEnvironmentRecord.m in Sources */ = {isa = PBXBuildFile; fileRef = EA4FC2821EC867C700286514 /* ChartEnvironmentRecord.m */; };
		EA4FC2861EC867F300286514 /* EnvironmentRecord.m in Sources */ = {isa = PBXBuildFile; fileRef = EA4FC2851EC867F300286514 /* EnvironmentRecord.m */; };
		EA5671E01EB1D42A002D69C9 /* ShowOptionViewController.m in Sources */ = {isa = PBXBuildFile; fileRef = EA5671DE1EB1D42A002D69C9 /* ShowOptionViewController.m */; };
		EA5671E11EB1D42A002D69C9 /* ShowOptionViewController.xib in Resources */ = {isa = PBXBuildFile; fileRef = EA5671DF1EB1D42A002D69C9 /* ShowOptionViewController.xib */; };
		EA5671E61EB1DFED002D69C9 /* OptionTableViewCell.m in Sources */ = {isa = PBXBuildFile; fileRef = EA5671E41EB1DFED002D69C9 /* OptionTableViewCell.m */; };
		EA5671E71EB1DFED002D69C9 /* OptionTableViewCell.xib in Resources */ = {isa = PBXBuildFile; fileRef = EA5671E51EB1DFED002D69C9 /* OptionTableViewCell.xib */; };
		EA5DA3461ECD8A6C00867E28 /* CustomAlertView.m in Sources */ = {isa = PBXBuildFile; fileRef = EA5DA3451ECD8A6C00867E28 /* CustomAlertView.m */; };
		EA5DC72A1ED3E2A100F65B7D /* CommandViewController.m in Sources */ = {isa = PBXBuildFile; fileRef = EA5DC7281ED3E2A100F65B7D /* CommandViewController.m */; };
		EA5DC72B1ED3E2A100F65B7D /* CommandViewController.xib in Resources */ = {isa = PBXBuildFile; fileRef = EA5DC7291ED3E2A100F65B7D /* CommandViewController.xib */; };
		EA5DC72F1ED3EFBD00F65B7D /* DetailCommandViewController.m in Sources */ = {isa = PBXBuildFile; fileRef = EA5DC72D1ED3EFBD00F65B7D /* DetailCommandViewController.m */; };
		EA5DC7301ED3EFBD00F65B7D /* DetailCommandViewController.xib in Resources */ = {isa = PBXBuildFile; fileRef = EA5DC72E1ED3EFBD00F65B7D /* DetailCommandViewController.xib */; };
		EA5DC7341ED41F0B00F65B7D /* OpenUDID.m in Sources */ = {isa = PBXBuildFile; fileRef = EA5DC7331ED41F0B00F65B7D /* OpenUDID.m */; settings = {COMPILER_FLAGS = "-fno-objc-arc"; }; };
		EA5DC7381ED4249E00F65B7D /* ChangePasswordViewController.m in Sources */ = {isa = PBXBuildFile; fileRef = EA5DC7361ED4249E00F65B7D /* ChangePasswordViewController.m */; };
		EA5DC7391ED4249E00F65B7D /* ChangePasswordViewController.xib in Resources */ = {isa = PBXBuildFile; fileRef = EA5DC7371ED4249E00F65B7D /* ChangePasswordViewController.xib */; };
		EA9520BE1EA7207C0064A90E /* UserRecord.m in Sources */ = {isa = PBXBuildFile; fileRef = EA9520BD1EA7207C0064A90E /* UserRecord.m */; };
		EAA970E81EB97ED40001DEED /* Health1Record.m in Sources */ = {isa = PBXBuildFile; fileRef = EAA970E71EB97ED40001DEED /* Health1Record.m */; };
		EAA970EB1EB97F3B0001DEED /* MedicineRecord.m in Sources */ = {isa = PBXBuildFile; fileRef = EAA970EA1EB97F3B0001DEED /* MedicineRecord.m */; };
		EAAD00001ED58135008D7C75 /* NotificationDataRecord.m in Sources */ = {isa = PBXBuildFile; fileRef = EAADFFFF1ED58135008D7C75 /* NotificationDataRecord.m */; };
		EAAD00031ED589D5008D7C75 /* UIBarButtonItem+Badge.m in Sources */ = {isa = PBXBuildFile; fileRef = EAAD00021ED589D5008D7C75 /* UIBarButtonItem+Badge.m */; };
		EAADFFFA1ED53D57008D7C75 /* GoogleService-Info.plist in Resources */ = {isa = PBXBuildFile; fileRef = EAADFFF91ED53D57008D7C75 /* GoogleService-Info.plist */; };
		EAADFFFD1ED580DA008D7C75 /* NotificationRecord.m in Sources */ = {isa = PBXBuildFile; fileRef = EAADFFFC1ED580DA008D7C75 /* NotificationRecord.m */; };
		EAC4C1801EAB053700633807 /* AquacultureRecord.m in Sources */ = {isa = PBXBuildFile; fileRef = EAC4C17F1EAB053700633807 /* AquacultureRecord.m */; };
		EAC4C1831EAB063B00633807 /* CurrentInfoRecord.m in Sources */ = {isa = PBXBuildFile; fileRef = EAC4C1821EAB063B00633807 /* CurrentInfoRecord.m */; };
		EAC4C1861EAB065300633807 /* HealthRecord.m in Sources */ = {isa = PBXBuildFile; fileRef = EAC4C1851EAB065300633807 /* HealthRecord.m */; };
		EAC4C1891EAB076F00633807 /* ListAquacultureRecord.m in Sources */ = {isa = PBXBuildFile; fileRef = EAC4C1881EAB076F00633807 /* ListAquacultureRecord.m */; };
		EAC4C18D1EAB299E00633807 /* HomeTableViewCell_Manager.m in Sources */ = {isa = PBXBuildFile; fileRef = EAC4C18B1EAB299E00633807 /* HomeTableViewCell_Manager.m */; };
		EAC4C18E1EAB299E00633807 /* HomeTableViewCell_Manager.xib in Resources */ = {isa = PBXBuildFile; fileRef = EAC4C18C1EAB299E00633807 /* HomeTableViewCell_Manager.xib */; };
		EAC4C1921EAB342500633807 /* StaffDetailViewController.m in Sources */ = {isa = PBXBuildFile; fileRef = EAC4C1901EAB342500633807 /* StaffDetailViewController.m */; };
		EAC4C1931EAB342500633807 /* StaffDetailViewController.xib in Resources */ = {isa = PBXBuildFile; fileRef = EAC4C1911EAB342500633807 /* StaffDetailViewController.xib */; };
		EAC4C1971EAB537800633807 /* ManagerDetailViewController.m in Sources */ = {isa = PBXBuildFile; fileRef = EAC4C1951EAB537800633807 /* ManagerDetailViewController.m */; };
		EAC4C1981EAB537800633807 /* ManagerDetailViewController.xib in Resources */ = {isa = PBXBuildFile; fileRef = EAC4C1961EAB537800633807 /* ManagerDetailViewController.xib */; };
		EAC4C19C1EAB540B00633807 /* GeneralViewController.m in Sources */ = {isa = PBXBuildFile; fileRef = EAC4C19A1EAB540B00633807 /* GeneralViewController.m */; };
		EAC4C19D1EAB540B00633807 /* GeneralViewController.xib in Resources */ = {isa = PBXBuildFile; fileRef = EAC4C19B1EAB540B00633807 /* GeneralViewController.xib */; };
		EAC4C1A11EAB543500633807 /* FoodViewController.m in Sources */ = {isa = PBXBuildFile; fileRef = EAC4C19F1EAB543500633807 /* FoodViewController.m */; };
		EAC4C1A21EAB543500633807 /* FoodViewController.xib in Resources */ = {isa = PBXBuildFile; fileRef = EAC4C1A01EAB543500633807 /* FoodViewController.xib */; };
		EAC4C1AB1EAB552000633807 /* HEViewController.m in Sources */ = {isa = PBXBuildFile; fileRef = EAC4C1A91EAB552000633807 /* HEViewController.m */; };
		EAC4C1AC1EAB552100633807 /* HEViewController.xib in Resources */ = {isa = PBXBuildFile; fileRef = EAC4C1AA1EAB552000633807 /* HEViewController.xib */; };
		EAC4C1BA1EAB78F200633807 /* NotificationViewController.m in Sources */ = {isa = PBXBuildFile; fileRef = EAC4C1B81EAB78F200633807 /* NotificationViewController.m */; };
		EAC4C1BB1EAB78F200633807 /* NotificationViewController.xib in Resources */ = {isa = PBXBuildFile; fileRef = EAC4C1B91EAB78F200633807 /* NotificationViewController.xib */; };
		EAC4C1BF1EAB796400633807 /* NotificationTableViewCell.m in Sources */ = {isa = PBXBuildFile; fileRef = EAC4C1BD1EAB796400633807 /* NotificationTableViewCell.m */; };
		EAC4C1C01EAB796400633807 /* NotificationTableViewCell.xib in Resources */ = {isa = PBXBuildFile; fileRef = EAC4C1BE1EAB796400633807 /* NotificationTableViewCell.xib */; };
		EAE50CD51E9C8ADE00CB1EBD /* main.m in Sources */ = {isa = PBXBuildFile; fileRef = EAE50CD41E9C8ADE00CB1EBD /* main.m */; };
		EAE50CD81E9C8ADE00CB1EBD /* AppDelegate.m in Sources */ = {isa = PBXBuildFile; fileRef = EAE50CD71E9C8ADE00CB1EBD /* AppDelegate.m */; };
		EAE50CDB1E9C8ADE00CB1EBD /* ViewController.m in Sources */ = {isa = PBXBuildFile; fileRef = EAE50CDA1E9C8ADE00CB1EBD /* ViewController.m */; };
		EAE50CDE1E9C8ADE00CB1EBD /* Main.storyboard in Resources */ = {isa = PBXBuildFile; fileRef = EAE50CDC1E9C8ADE00CB1EBD /* Main.storyboard */; };
		EAE50CE01E9C8ADE00CB1EBD /* Assets.xcassets in Resources */ = {isa = PBXBuildFile; fileRef = EAE50CDF1E9C8ADE00CB1EBD /* Assets.xcassets */; };
		EAE50CE31E9C8ADE00CB1EBD /* LaunchScreen.storyboard in Resources */ = {isa = PBXBuildFile; fileRef = EAE50CE11E9C8ADE00CB1EBD /* LaunchScreen.storyboard */; };
		EAE50CF61E9C8FB300CB1EBD /* BaseOperation.m in Sources */ = {isa = PBXBuildFile; fileRef = EAE50CED1E9C8FB300CB1EBD /* BaseOperation.m */; };
		EAE50CF71E9C8FB300CB1EBD /* BaseProxy.m in Sources */ = {isa = PBXBuildFile; fileRef = EAE50CEF1E9C8FB300CB1EBD /* BaseProxy.m */; };
		EAE50CF81E9C8FB300CB1EBD /* DataProxy.m in Sources */ = {isa = PBXBuildFile; fileRef = EAE50CF11E9C8FB300CB1EBD /* DataProxy.m */; };
		EAE50CF91E9C8FB300CB1EBD /* ShareData.m in Sources */ = {isa = PBXBuildFile; fileRef = EAE50CF31E9C8FB300CB1EBD /* ShareData.m */; };
		EAE50CFA1E9C8FB300CB1EBD /* ShareSession.m in Sources */ = {isa = PBXBuildFile; fileRef = EAE50CF51E9C8FB300CB1EBD /* ShareSession.m */; };
		EAE50CFD1E9C8FF300CB1EBD /* BaseViewController.m in Sources */ = {isa = PBXBuildFile; fileRef = EAE50CFC1E9C8FF300CB1EBD /* BaseViewController.m */; };
		EAE50D011E9C913100CB1EBD /* ShareHelper.m in Sources */ = {isa = PBXBuildFile; fileRef = EAE50D001E9C913100CB1EBD /* ShareHelper.m */; };
		EAE50D071E9CD73100CB1EBD /* LoginViewController.m in Sources */ = {isa = PBXBuildFile; fileRef = EAE50D051E9CD73100CB1EBD /* LoginViewController.m */; };
		EAE50D081E9CD73100CB1EBD /* LoginViewController.xib in Resources */ = {isa = PBXBuildFile; fileRef = EAE50D061E9CD73100CB1EBD /* LoginViewController.xib */; };
		EAE50D0C1E9CDB9000CB1EBD /* MainTabBarController.m in Sources */ = {isa = PBXBuildFile; fileRef = EAE50D0B1E9CDB9000CB1EBD /* MainTabBarController.m */; };
		EAFA7EEA1E9E1615000EC3C8 /* StaffListViewController.m in Sources */ = {isa = PBXBuildFile; fileRef = EAFA7EE81E9E1615000EC3C8 /* StaffListViewController.m */; };
		EAFA7EEB1E9E1615000EC3C8 /* StaffListViewController.xib in Resources */ = {isa = PBXBuildFile; fileRef = EAFA7EE91E9E1615000EC3C8 /* StaffListViewController.xib */; };
		EAFA7EEF1E9E162D000EC3C8 /* StaffCommandViewController.m in Sources */ = {isa = PBXBuildFile; fileRef = EAFA7EED1E9E162D000EC3C8 /* StaffCommandViewController.m */; };
		EAFA7EF01E9E162D000EC3C8 /* StaffCommandViewController.xib in Resources */ = {isa = PBXBuildFile; fileRef = EAFA7EEE1E9E162D000EC3C8 /* StaffCommandViewController.xib */; };
		EAFA7EF41E9E1685000EC3C8 /* StaffSettingViewController.m in Sources */ = {isa = PBXBuildFile; fileRef = EAFA7EF21E9E1685000EC3C8 /* StaffSettingViewController.m */; };
		EAFA7EF51E9E1685000EC3C8 /* StaffSettingViewController.xib in Resources */ = {isa = PBXBuildFile; fileRef = EAFA7EF31E9E1685000EC3C8 /* StaffSettingViewController.xib */; };
		EAFA7EF91E9E16A0000EC3C8 /* ManagerListViewController.m in Sources */ = {isa = PBXBuildFile; fileRef = EAFA7EF71E9E16A0000EC3C8 /* ManagerListViewController.m */; };
		EAFA7EFA1E9E16A0000EC3C8 /* ManagerListViewController.xib in Resources */ = {isa = PBXBuildFile; fileRef = EAFA7EF81E9E16A0000EC3C8 /* ManagerListViewController.xib */; };
/* End PBXBuildFile section */

/* Begin PBXFileReference section */
		39299C4EB4E7F4D14A078C4D /* libPods-AMS.a */ = {isa = PBXFileReference; explicitFileType = archive.ar; includeInIndex = 0; path = "libPods-AMS.a"; sourceTree = BUILT_PRODUCTS_DIR; };
		9F3D00199450863E3BE6C761 /* Pods-AMS.release.xcconfig */ = {isa = PBXFileReference; includeInIndex = 1; lastKnownFileType = text.xcconfig; name = "Pods-AMS.release.xcconfig"; path = "Pods/Target Support Files/Pods-AMS/Pods-AMS.release.xcconfig"; sourceTree = "<group>"; };
		AA17013B6BCA3DB58B5FAE14 /* Pods-AMS.debug.xcconfig */ = {isa = PBXFileReference; includeInIndex = 1; lastKnownFileType = text.xcconfig; name = "Pods-AMS.debug.xcconfig"; path = "Pods/Target Support Files/Pods-AMS/Pods-AMS.debug.xcconfig"; sourceTree = "<group>"; };
		EA1F6B3E1EA8B15600A3A26F /* HomeTableViewCell.h */ = {isa = PBXFileReference; fileEncoding = 4; lastKnownFileType = sourcecode.c.h; path = HomeTableViewCell.h; sourceTree = "<group>"; };
		EA1F6B3F1EA8B15600A3A26F /* HomeTableViewCell.m */ = {isa = PBXFileReference; fileEncoding = 4; lastKnownFileType = sourcecode.c.objc; path = HomeTableViewCell.m; sourceTree = "<group>"; };
		EA1F6B401EA8B15600A3A26F /* HomeTableViewCell.xib */ = {isa = PBXFileReference; fileEncoding = 4; lastKnownFileType = file.xib; path = HomeTableViewCell.xib; sourceTree = "<group>"; };
		EA2390071EBA2C540098A867 /* MedicineTableViewCell.h */ = {isa = PBXFileReference; fileEncoding = 4; lastKnownFileType = sourcecode.c.h; path = MedicineTableViewCell.h; sourceTree = "<group>"; };
		EA2390081EBA2C540098A867 /* MedicineTableViewCell.m */ = {isa = PBXFileReference; fileEncoding = 4; lastKnownFileType = sourcecode.c.objc; path = MedicineTableViewCell.m; sourceTree = "<group>"; };
		EA2390091EBA2C540098A867 /* MedicineTableViewCell.xib */ = {isa = PBXFileReference; fileEncoding = 4; lastKnownFileType = file.xib; path = MedicineTableViewCell.xib; sourceTree = "<group>"; };
		EA23900C1EBA308B0098A867 /* CustomButton.h */ = {isa = PBXFileReference; fileEncoding = 4; lastKnownFileType = sourcecode.c.h; path = CustomButton.h; sourceTree = "<group>"; };
		EA23900D1EBA308B0098A867 /* CustomButton.m */ = {isa = PBXFileReference; fileEncoding = 4; lastKnownFileType = sourcecode.c.objc; path = CustomButton.m; sourceTree = "<group>"; };
		EA23900F1EBA366F0098A867 /* RowRecord.h */ = {isa = PBXFileReference; fileEncoding = 4; lastKnownFileType = sourcecode.c.h; path = RowRecord.h; sourceTree = "<group>"; };
		EA2390101EBA366F0098A867 /* RowRecord.m */ = {isa = PBXFileReference; fileEncoding = 4; lastKnownFileType = sourcecode.c.objc; path = RowRecord.m; sourceTree = "<group>"; };
		EA241B571EB2E81A0070C508 /* ListDataRecord.h */ = {isa = PBXFileReference; fileEncoding = 4; lastKnownFileType = sourcecode.c.h; path = ListDataRecord.h; sourceTree = "<group>"; };
		EA241B581EB2E81A0070C508 /* ListDataRecord.m */ = {isa = PBXFileReference; fileEncoding = 4; lastKnownFileType = sourcecode.c.objc; path = ListDataRecord.m; sourceTree = "<group>"; };
		EA241B5A1EB2E8310070C508 /* FoodRecord.h */ = {isa = PBXFileReference; fileEncoding = 4; lastKnownFileType = sourcecode.c.h; path = FoodRecord.h; sourceTree = "<group>"; };
		EA241B5B1EB2E8310070C508 /* FoodRecord.m */ = {isa = PBXFileReference; fileEncoding = 4; lastKnownFileType = sourcecode.c.objc; path = FoodRecord.m; sourceTree = "<group>"; };
		EA25BBD81ECA0A9F007B7722 /* CheckListDetailRecord.h */ = {isa = PBXFileReference; fileEncoding = 4; lastKnownFileType = sourcecode.c.h; path = CheckListDetailRecord.h; sourceTree = "<group>"; };
		EA25BBD91ECA0A9F007B7722 /* CheckListDetailRecord.m */ = {isa = PBXFileReference; fileEncoding = 4; lastKnownFileType = sourcecode.c.objc; path = CheckListDetailRecord.m; sourceTree = "<group>"; };
		EA28355B1EC0D5F700318603 /* CommandRecord.h */ = {isa = PBXFileReference; fileEncoding = 4; lastKnownFileType = sourcecode.c.h; path = CommandRecord.h; sourceTree = "<group>"; };
		EA28355C1EC0D5F700318603 /* CommandRecord.m */ = {isa = PBXFileReference; fileEncoding = 4; lastKnownFileType = sourcecode.c.objc; path = CommandRecord.m; sourceTree = "<group>"; };
		EA28355E1EC0D99F00318603 /* StaffCommandTableViewCell.h */ = {isa = PBXFileReference; fileEncoding = 4; lastKnownFileType = sourcecode.c.h; path = StaffCommandTableViewCell.h; sourceTree = "<group>"; };
		EA28355F1EC0D99F00318603 /* StaffCommandTableViewCell.m */ = {isa = PBXFileReference; fileEncoding = 4; lastKnownFileType = sourcecode.c.objc; path = StaffCommandTableViewCell.m; sourceTree = "<group>"; };
		EA2835601EC0D99F00318603 /* StaffCommandTableViewCell.xib */ = {isa = PBXFileReference; fileEncoding = 4; lastKnownFileType = file.xib; path = StaffCommandTableViewCell.xib; sourceTree = "<group>"; };
		EA2E87C61EC23E940037CE77 /* GeneralViewController1.h */ = {isa = PBXFileReference; fileEncoding = 4; lastKnownFileType = sourcecode.c.h; path = GeneralViewController1.h; sourceTree = "<group>"; };
		EA2E87C71EC23E940037CE77 /* GeneralViewController1.m */ = {isa = PBXFileReference; fileEncoding = 4; lastKnownFileType = sourcecode.c.objc; path = GeneralViewController1.m; sourceTree = "<group>"; };
		EA2E87C81EC23E940037CE77 /* GeneralViewController1.xib */ = {isa = PBXFileReference; fileEncoding = 4; lastKnownFileType = file.xib; path = GeneralViewController1.xib; sourceTree = "<group>"; };
		EA2E87CB1EC23EB00037CE77 /* GeneralViewController2.h */ = {isa = PBXFileReference; fileEncoding = 4; lastKnownFileType = sourcecode.c.h; path = GeneralViewController2.h; sourceTree = "<group>"; };
		EA2E87CC1EC23EB00037CE77 /* GeneralViewController2.m */ = {isa = PBXFileReference; fileEncoding = 4; lastKnownFileType = sourcecode.c.objc; path = GeneralViewController2.m; sourceTree = "<group>"; };
		EA2E87CD1EC23EB00037CE77 /* GeneralViewController2.xib */ = {isa = PBXFileReference; fileEncoding = 4; lastKnownFileType = file.xib; path = GeneralViewController2.xib; sourceTree = "<group>"; };
		EA2E87D01EC23EC00037CE77 /* GeneralViewController3.h */ = {isa = PBXFileReference; fileEncoding = 4; lastKnownFileType = sourcecode.c.h; path = GeneralViewController3.h; sourceTree = "<group>"; };
		EA2E87D11EC23EC00037CE77 /* GeneralViewController3.m */ = {isa = PBXFileReference; fileEncoding = 4; lastKnownFileType = sourcecode.c.objc; path = GeneralViewController3.m; sourceTree = "<group>"; };
		EA2E87D21EC23EC00037CE77 /* GeneralViewController3.xib */ = {isa = PBXFileReference; fileEncoding = 4; lastKnownFileType = file.xib; path = GeneralViewController3.xib; sourceTree = "<group>"; };
		EA2E87D51EC23ED60037CE77 /* GeneralViewController4.h */ = {isa = PBXFileReference; fileEncoding = 4; lastKnownFileType = sourcecode.c.h; path = GeneralViewController4.h; sourceTree = "<group>"; };
		EA2E87D61EC23ED60037CE77 /* GeneralViewController4.m */ = {isa = PBXFileReference; fileEncoding = 4; lastKnownFileType = sourcecode.c.objc; path = GeneralViewController4.m; sourceTree = "<group>"; };
		EA2E87D71EC23ED60037CE77 /* GeneralViewController4.xib */ = {isa = PBXFileReference; fileEncoding = 4; lastKnownFileType = file.xib; path = GeneralViewController4.xib; sourceTree = "<group>"; };
		EA2F2F431ECC36E700A6F08A /* PhotoCollectionViewCell.h */ = {isa = PBXFileReference; fileEncoding = 4; lastKnownFileType = sourcecode.c.h; path = PhotoCollectionViewCell.h; sourceTree = "<group>"; };
		EA2F2F441ECC36E700A6F08A /* PhotoCollectionViewCell.m */ = {isa = PBXFileReference; fileEncoding = 4; lastKnownFileType = sourcecode.c.objc; path = PhotoCollectionViewCell.m; sourceTree = "<group>"; };
		EA2F2F451ECC36E700A6F08A /* PhotoCollectionViewCell.xib */ = {isa = PBXFileReference; fileEncoding = 4; lastKnownFileType = file.xib; path = PhotoCollectionViewCell.xib; sourceTree = "<group>"; };
		EA2FAADE1ECE16E2004F3B28 /* FoodViewController1.h */ = {isa = PBXFileReference; fileEncoding = 4; lastKnownFileType = sourcecode.c.h; path = FoodViewController1.h; sourceTree = "<group>"; };
		EA2FAADF1ECE16E2004F3B28 /* FoodViewController1.m */ = {isa = PBXFileReference; fileEncoding = 4; lastKnownFileType = sourcecode.c.objc; path = FoodViewController1.m; sourceTree = "<group>"; };
		EA2FAAE01ECE16E2004F3B28 /* FoodViewController1.xib */ = {isa = PBXFileReference; fileEncoding = 4; lastKnownFileType = file.xib; path = FoodViewController1.xib; sourceTree = "<group>"; };
		EA2FAAE31ECE16F1004F3B28 /* FoodViewController2.h */ = {isa = PBXFileReference; fileEncoding = 4; lastKnownFileType = sourcecode.c.h; path = FoodViewController2.h; sourceTree = "<group>"; };
		EA2FAAE41ECE16F1004F3B28 /* FoodViewController2.m */ = {isa = PBXFileReference; fileEncoding = 4; lastKnownFileType = sourcecode.c.objc; path = FoodViewController2.m; sourceTree = "<group>"; };
		EA2FAAE51ECE16F1004F3B28 /* FoodViewController2.xib */ = {isa = PBXFileReference; fileEncoding = 4; lastKnownFileType = file.xib; path = FoodViewController2.xib; sourceTree = "<group>"; };
		EA37C2601ED286E700ECD7EE /* UserAreaRecord.h */ = {isa = PBXFileReference; fileEncoding = 4; lastKnownFileType = sourcecode.c.h; path = UserAreaRecord.h; sourceTree = "<group>"; };
		EA37C2611ED286E700ECD7EE /* UserAreaRecord.m */ = {isa = PBXFileReference; fileEncoding = 4; lastKnownFileType = sourcecode.c.objc; path = UserAreaRecord.m; sourceTree = "<group>"; };
		EA3A00411EBB738A002DFABE /* UploadQueue.h */ = {isa = PBXFileReference; fileEncoding = 4; lastKnownFileType = sourcecode.c.h; path = UploadQueue.h; sourceTree = "<group>"; };
		EA3A00421EBB738A002DFABE /* UploadQueue.m */ = {isa = PBXFileReference; fileEncoding = 4; lastKnownFileType = sourcecode.c.objc; path = UploadQueue.m; sourceTree = "<group>"; };
		EA3A00441EBB7614002DFABE /* UploadResult.h */ = {isa = PBXFileReference; fileEncoding = 4; lastKnownFileType = sourcecode.c.h; path = UploadResult.h; sourceTree = "<group>"; };
		EA3A00451EBB7614002DFABE /* UploadResult.m */ = {isa = PBXFileReference; fileEncoding = 4; lastKnownFileType = sourcecode.c.objc; path = UploadResult.m; sourceTree = "<group>"; };
		EA3A00471EBB7888002DFABE /* PhotoUpload.h */ = {isa = PBXFileReference; fileEncoding = 4; lastKnownFileType = sourcecode.c.h; path = PhotoUpload.h; sourceTree = "<group>"; };
		EA3A00481EBB7888002DFABE /* PhotoUpload.m */ = {isa = PBXFileReference; fileEncoding = 4; lastKnownFileType = sourcecode.c.objc; path = PhotoUpload.m; sourceTree = "<group>"; };
		EA40AF251ECEA250002FA3B0 /* HEViewController1.h */ = {isa = PBXFileReference; fileEncoding = 4; lastKnownFileType = sourcecode.c.h; path = HEViewController1.h; sourceTree = "<group>"; };
		EA40AF261ECEA250002FA3B0 /* HEViewController1.m */ = {isa = PBXFileReference; fileEncoding = 4; lastKnownFileType = sourcecode.c.objc; path = HEViewController1.m; sourceTree = "<group>"; };
		EA40AF271ECEA250002FA3B0 /* HEViewController1.xib */ = {isa = PBXFileReference; fileEncoding = 4; lastKnownFileType = file.xib; path = HEViewController1.xib; sourceTree = "<group>"; };
		EA40AF2A1ECEA268002FA3B0 /* HEViewController2.h */ = {isa = PBXFileReference; fileEncoding = 4; lastKnownFileType = sourcecode.c.h; path = HEViewController2.h; sourceTree = "<group>"; };
		EA40AF2B1ECEA268002FA3B0 /* HEViewController2.m */ = {isa = PBXFileReference; fileEncoding = 4; lastKnownFileType = sourcecode.c.objc; path = HEViewController2.m; sourceTree = "<group>"; };
		EA40AF2C1ECEA268002FA3B0 /* HEViewController2.xib */ = {isa = PBXFileReference; fileEncoding = 4; lastKnownFileType = file.xib; path = HEViewController2.xib; sourceTree = "<group>"; };
		EA40AF2F1ECEA295002FA3B0 /* HEViewController3.h */ = {isa = PBXFileReference; fileEncoding = 4; lastKnownFileType = sourcecode.c.h; path = HEViewController3.h; sourceTree = "<group>"; };
		EA40AF301ECEA295002FA3B0 /* HEViewController3.m */ = {isa = PBXFileReference; fileEncoding = 4; lastKnownFileType = sourcecode.c.objc; path = HEViewController3.m; sourceTree = "<group>"; };
		EA40AF311ECEA295002FA3B0 /* HEViewController3.xib */ = {isa = PBXFileReference; fileEncoding = 4; lastKnownFileType = file.xib; path = HEViewController3.xib; sourceTree = "<group>"; };
		EA40AF341ECF158E002FA3B0 /* ManagerCommandViewController.h */ = {isa = PBXFileReference; fileEncoding = 4; lastKnownFileType = sourcecode.c.h; path = ManagerCommandViewController.h; sourceTree = "<group>"; };
		EA40AF351ECF158E002FA3B0 /* ManagerCommandViewController.m */ = {isa = PBXFileReference; fileEncoding = 4; lastKnownFileType = sourcecode.c.objc; path = ManagerCommandViewController.m; sourceTree = "<group>"; };
		EA40AF361ECF158E002FA3B0 /* ManagerCommandViewController.xib */ = {isa = PBXFileReference; fileEncoding = 4; lastKnownFileType = file.xib; path = ManagerCommandViewController.xib; sourceTree = "<group>"; };
		EA40E3D81EB0811D000CE84F /* UploadViewController1.h */ = {isa = PBXFileReference; fileEncoding = 4; lastKnownFileType = sourcecode.c.h; path = UploadViewController1.h; sourceTree = "<group>"; };
		EA40E3D91EB0811D000CE84F /* UploadViewController1.m */ = {isa = PBXFileReference; fileEncoding = 4; lastKnownFileType = sourcecode.c.objc; path = UploadViewController1.m; sourceTree = "<group>"; };
		EA40E3DA1EB0811D000CE84F /* UploadViewController1.xib */ = {isa = PBXFileReference; fileEncoding = 4; lastKnownFileType = file.xib; path = UploadViewController1.xib; sourceTree = "<group>"; };
		EA40E3DD1EB08136000CE84F /* UploadViewController2.h */ = {isa = PBXFileReference; fileEncoding = 4; lastKnownFileType = sourcecode.c.h; path = UploadViewController2.h; sourceTree = "<group>"; };
		EA40E3DE1EB08136000CE84F /* UploadViewController2.m */ = {isa = PBXFileReference; fileEncoding = 4; lastKnownFileType = sourcecode.c.objc; path = UploadViewController2.m; sourceTree = "<group>"; };
		EA40E3DF1EB08136000CE84F /* UploadViewController2.xib */ = {isa = PBXFileReference; fileEncoding = 4; lastKnownFileType = file.xib; path = UploadViewController2.xib; sourceTree = "<group>"; };
		EA40E3E21EB08149000CE84F /* UploadViewController3.h */ = {isa = PBXFileReference; fileEncoding = 4; lastKnownFileType = sourcecode.c.h; path = UploadViewController3.h; sourceTree = "<group>"; };
		EA40E3E31EB08149000CE84F /* UploadViewController3.m */ = {isa = PBXFileReference; fileEncoding = 4; lastKnownFileType = sourcecode.c.objc; path = UploadViewController3.m; sourceTree = "<group>"; };
		EA40E3E41EB08149000CE84F /* UploadViewController3.xib */ = {isa = PBXFileReference; fileEncoding = 4; lastKnownFileType = file.xib; path = UploadViewController3.xib; sourceTree = "<group>"; };
		EA40E3E71EB08159000CE84F /* UploadViewController.h */ = {isa = PBXFileReference; fileEncoding = 4; lastKnownFileType = sourcecode.c.h; path = UploadViewController.h; sourceTree = "<group>"; };
		EA40E3E81EB08159000CE84F /* UploadViewController.m */ = {isa = PBXFileReference; fileEncoding = 4; lastKnownFileType = sourcecode.c.objc; path = UploadViewController.m; sourceTree = "<group>"; };
		EA40E3E91EB08159000CE84F /* UploadViewController.xib */ = {isa = PBXFileReference; fileEncoding = 4; lastKnownFileType = file.xib; path = UploadViewController.xib; sourceTree = "<group>"; };
		EA4FC2751EC84A2D00286514 /* FishDeadRecord.h */ = {isa = PBXFileReference; fileEncoding = 4; lastKnownFileType = sourcecode.c.h; path = FishDeadRecord.h; sourceTree = "<group>"; };
		EA4FC2761EC84A2D00286514 /* FishDeadRecord.m */ = {isa = PBXFileReference; fileEncoding = 4; lastKnownFileType = sourcecode.c.objc; path = FishDeadRecord.m; sourceTree = "<group>"; };
		EA4FC2781EC84A4E00286514 /* DetailFishDeadRecord.h */ = {isa = PBXFileReference; fileEncoding = 4; lastKnownFileType = sourcecode.c.h; path = DetailFishDeadRecord.h; sourceTree = "<group>"; };
		EA4FC2791EC84A4E00286514 /* DetailFishDeadRecord.m */ = {isa = PBXFileReference; fileEncoding = 4; lastKnownFileType = sourcecode.c.objc; path = DetailFishDeadRecord.m; sourceTree = "<group>"; };
		EA4FC27B1EC8633600286514 /* FishSizeRecord.h */ = {isa = PBXFileReference; fileEncoding = 4; lastKnownFileType = sourcecode.c.h; path = FishSizeRecord.h; sourceTree = "<group>"; };
		EA4FC27C1EC8633600286514 /* FishSizeRecord.m */ = {isa = PBXFileReference; fileEncoding = 4; lastKnownFileType = sourcecode.c.objc; path = FishSizeRecord.m; sourceTree = "<group>"; };
		EA4FC27E1EC8677B00286514 /* ChartFoodRecord.h */ = {isa = PBXFileReference; fileEncoding = 4; lastKnownFileType = sourcecode.c.h; path = ChartFoodRecord.h; sourceTree = "<group>"; };
		EA4FC27F1EC8677B00286514 /* ChartFoodRecord.m */ = {isa = PBXFileReference; fileEncoding = 4; lastKnownFileType = sourcecode.c.objc; path = ChartFoodRecord.m; sourceTree = "<group>"; };
		EA4FC2811EC867C700286514 /* ChartEnvironmentRecord.h */ = {isa = PBXFileReference; fileEncoding = 4; lastKnownFileType = sourcecode.c.h; path = ChartEnvironmentRecord.h; sourceTree = "<group>"; };
		EA4FC2821EC867C700286514 /* ChartEnvironmentRecord.m */ = {isa = PBXFileReference; fileEncoding = 4; lastKnownFileType = sourcecode.c.objc; path = ChartEnvironmentRecord.m; sourceTree = "<group>"; };
		EA4FC2841EC867F300286514 /* EnvironmentRecord.h */ = {isa = PBXFileReference; fileEncoding = 4; lastKnownFileType = sourcecode.c.h; path = EnvironmentRecord.h; sourceTree = "<group>"; };
		EA4FC2851EC867F300286514 /* EnvironmentRecord.m */ = {isa = PBXFileReference; fileEncoding = 4; lastKnownFileType = sourcecode.c.objc; path = EnvironmentRecord.m; sourceTree = "<group>"; };
		EA5671DD1EB1D42A002D69C9 /* ShowOptionViewController.h */ = {isa = PBXFileReference; fileEncoding = 4; lastKnownFileType = sourcecode.c.h; path = ShowOptionViewController.h; sourceTree = "<group>"; };
		EA5671DE1EB1D42A002D69C9 /* ShowOptionViewController.m */ = {isa = PBXFileReference; fileEncoding = 4; lastKnownFileType = sourcecode.c.objc; path = ShowOptionViewController.m; sourceTree = "<group>"; };
		EA5671DF1EB1D42A002D69C9 /* ShowOptionViewController.xib */ = {isa = PBXFileReference; fileEncoding = 4; lastKnownFileType = file.xib; path = ShowOptionViewController.xib; sourceTree = "<group>"; };
		EA5671E31EB1DFED002D69C9 /* OptionTableViewCell.h */ = {isa = PBXFileReference; fileEncoding = 4; lastKnownFileType = sourcecode.c.h; path = OptionTableViewCell.h; sourceTree = "<group>"; };
		EA5671E41EB1DFED002D69C9 /* OptionTableViewCell.m */ = {isa = PBXFileReference; fileEncoding = 4; lastKnownFileType = sourcecode.c.objc; path = OptionTableViewCell.m; sourceTree = "<group>"; };
		EA5671E51EB1DFED002D69C9 /* OptionTableViewCell.xib */ = {isa = PBXFileReference; fileEncoding = 4; lastKnownFileType = file.xib; path = OptionTableViewCell.xib; sourceTree = "<group>"; };
		EA5DA3441ECD8A6C00867E28 /* CustomAlertView.h */ = {isa = PBXFileReference; fileEncoding = 4; lastKnownFileType = sourcecode.c.h; path = CustomAlertView.h; sourceTree = "<group>"; };
		EA5DA3451ECD8A6C00867E28 /* CustomAlertView.m */ = {isa = PBXFileReference; fileEncoding = 4; lastKnownFileType = sourcecode.c.objc; path = CustomAlertView.m; sourceTree = "<group>"; };
		EA5DC7271ED3E2A100F65B7D /* CommandViewController.h */ = {isa = PBXFileReference; fileEncoding = 4; lastKnownFileType = sourcecode.c.h; path = CommandViewController.h; sourceTree = "<group>"; };
		EA5DC7281ED3E2A100F65B7D /* CommandViewController.m */ = {isa = PBXFileReference; fileEncoding = 4; lastKnownFileType = sourcecode.c.objc; path = CommandViewController.m; sourceTree = "<group>"; };
		EA5DC7291ED3E2A100F65B7D /* CommandViewController.xib */ = {isa = PBXFileReference; fileEncoding = 4; lastKnownFileType = file.xib; path = CommandViewController.xib; sourceTree = "<group>"; };
		EA5DC72C1ED3EFBD00F65B7D /* DetailCommandViewController.h */ = {isa = PBXFileReference; fileEncoding = 4; lastKnownFileType = sourcecode.c.h; path = DetailCommandViewController.h; sourceTree = "<group>"; };
		EA5DC72D1ED3EFBD00F65B7D /* DetailCommandViewController.m */ = {isa = PBXFileReference; fileEncoding = 4; lastKnownFileType = sourcecode.c.objc; path = DetailCommandViewController.m; sourceTree = "<group>"; };
		EA5DC72E1ED3EFBD00F65B7D /* DetailCommandViewController.xib */ = {isa = PBXFileReference; fileEncoding = 4; lastKnownFileType = file.xib; path = DetailCommandViewController.xib; sourceTree = "<group>"; };
		EA5DC7321ED41F0B00F65B7D /* OpenUDID.h */ = {isa = PBXFileReference; fileEncoding = 4; lastKnownFileType = sourcecode.c.h; path = OpenUDID.h; sourceTree = "<group>"; };
		EA5DC7331ED41F0B00F65B7D /* OpenUDID.m */ = {isa = PBXFileReference; fileEncoding = 4; lastKnownFileType = sourcecode.c.objc; path = OpenUDID.m; sourceTree = "<group>"; };
		EA5DC7351ED4249E00F65B7D /* ChangePasswordViewController.h */ = {isa = PBXFileReference; fileEncoding = 4; lastKnownFileType = sourcecode.c.h; path = ChangePasswordViewController.h; sourceTree = "<group>"; };
		EA5DC7361ED4249E00F65B7D /* ChangePasswordViewController.m */ = {isa = PBXFileReference; fileEncoding = 4; lastKnownFileType = sourcecode.c.objc; path = ChangePasswordViewController.m; sourceTree = "<group>"; };
		EA5DC7371ED4249E00F65B7D /* ChangePasswordViewController.xib */ = {isa = PBXFileReference; fileEncoding = 4; lastKnownFileType = file.xib; path = ChangePasswordViewController.xib; sourceTree = "<group>"; };
		EA9520BC1EA7207C0064A90E /* UserRecord.h */ = {isa = PBXFileReference; fileEncoding = 4; lastKnownFileType = sourcecode.c.h; path = UserRecord.h; sourceTree = "<group>"; };
		EA9520BD1EA7207C0064A90E /* UserRecord.m */ = {isa = PBXFileReference; fileEncoding = 4; lastKnownFileType = sourcecode.c.objc; path = UserRecord.m; sourceTree = "<group>"; };
		EAA970E61EB97ED40001DEED /* Health1Record.h */ = {isa = PBXFileReference; fileEncoding = 4; lastKnownFileType = sourcecode.c.h; path = Health1Record.h; sourceTree = "<group>"; };
		EAA970E71EB97ED40001DEED /* Health1Record.m */ = {isa = PBXFileReference; fileEncoding = 4; lastKnownFileType = sourcecode.c.objc; path = Health1Record.m; sourceTree = "<group>"; };
		EAA970E91EB97F3B0001DEED /* MedicineRecord.h */ = {isa = PBXFileReference; fileEncoding = 4; lastKnownFileType = sourcecode.c.h; path = MedicineRecord.h; sourceTree = "<group>"; };
		EAA970EA1EB97F3B0001DEED /* MedicineRecord.m */ = {isa = PBXFileReference; fileEncoding = 4; lastKnownFileType = sourcecode.c.objc; path = MedicineRecord.m; sourceTree = "<group>"; };
		EAAD00011ED589D5008D7C75 /* UIBarButtonItem+Badge.h */ = {isa = PBXFileReference; fileEncoding = 4; lastKnownFileType = sourcecode.c.h; path = "UIBarButtonItem+Badge.h"; sourceTree = "<group>"; };
		EAAD00021ED589D5008D7C75 /* UIBarButtonItem+Badge.m */ = {isa = PBXFileReference; fileEncoding = 4; lastKnownFileType = sourcecode.c.objc; path = "UIBarButtonItem+Badge.m"; sourceTree = "<group>"; };
		EAADFFF81ED53B77008D7C75 /* AMS.entitlements */ = {isa = PBXFileReference; lastKnownFileType = text.plist.entitlements; path = AMS.entitlements; sourceTree = "<group>"; };
		EAADFFF91ED53D57008D7C75 /* GoogleService-Info.plist */ = {isa = PBXFileReference; fileEncoding = 4; lastKnownFileType = text.plist.xml; path = "GoogleService-Info.plist"; sourceTree = "<group>"; };
		EAADFFFB1ED580DA008D7C75 /* NotificationRecord.h */ = {isa = PBXFileReference; fileEncoding = 4; lastKnownFileType = sourcecode.c.h; path = NotificationRecord.h; sourceTree = "<group>"; };
		EAADFFFC1ED580DA008D7C75 /* NotificationRecord.m */ = {isa = PBXFileReference; fileEncoding = 4; lastKnownFileType = sourcecode.c.objc; path = NotificationRecord.m; sourceTree = "<group>"; };
		EAADFFFE1ED58135008D7C75 /* NotificationDataRecord.h */ = {isa = PBXFileReference; fileEncoding = 4; lastKnownFileType = sourcecode.c.h; path = NotificationDataRecord.h; sourceTree = "<group>"; };
		EAADFFFF1ED58135008D7C75 /* NotificationDataRecord.m */ = {isa = PBXFileReference; fileEncoding = 4; lastKnownFileType = sourcecode.c.objc; path = NotificationDataRecord.m; sourceTree = "<group>"; };
		EAC4C17E1EAB053700633807 /* AquacultureRecord.h */ = {isa = PBXFileReference; fileEncoding = 4; lastKnownFileType = sourcecode.c.h; path = AquacultureRecord.h; sourceTree = "<group>"; };
		EAC4C17F1EAB053700633807 /* AquacultureRecord.m */ = {isa = PBXFileReference; fileEncoding = 4; lastKnownFileType = sourcecode.c.objc; path = AquacultureRecord.m; sourceTree = "<group>"; };
		EAC4C1811EAB063B00633807 /* CurrentInfoRecord.h */ = {isa = PBXFileReference; fileEncoding = 4; lastKnownFileType = sourcecode.c.h; path = CurrentInfoRecord.h; sourceTree = "<group>"; };
		EAC4C1821EAB063B00633807 /* CurrentInfoRecord.m */ = {isa = PBXFileReference; fileEncoding = 4; lastKnownFileType = sourcecode.c.objc; path = CurrentInfoRecord.m; sourceTree = "<group>"; };
		EAC4C1841EAB065300633807 /* HealthRecord.h */ = {isa = PBXFileReference; fileEncoding = 4; lastKnownFileType = sourcecode.c.h; path = HealthRecord.h; sourceTree = "<group>"; };
		EAC4C1851EAB065300633807 /* HealthRecord.m */ = {isa = PBXFileReference; fileEncoding = 4; lastKnownFileType = sourcecode.c.objc; path = HealthRecord.m; sourceTree = "<group>"; };
		EAC4C1871EAB076F00633807 /* ListAquacultureRecord.h */ = {isa = PBXFileReference; fileEncoding = 4; lastKnownFileType = sourcecode.c.h; path = ListAquacultureRecord.h; sourceTree = "<group>"; };
		EAC4C1881EAB076F00633807 /* ListAquacultureRecord.m */ = {isa = PBXFileReference; fileEncoding = 4; lastKnownFileType = sourcecode.c.objc; path = ListAquacultureRecord.m; sourceTree = "<group>"; };
		EAC4C18A1EAB299E00633807 /* HomeTableViewCell_Manager.h */ = {isa = PBXFileReference; fileEncoding = 4; lastKnownFileType = sourcecode.c.h; path = HomeTableViewCell_Manager.h; sourceTree = "<group>"; };
		EAC4C18B1EAB299E00633807 /* HomeTableViewCell_Manager.m */ = {isa = PBXFileReference; fileEncoding = 4; lastKnownFileType = sourcecode.c.objc; path = HomeTableViewCell_Manager.m; sourceTree = "<group>"; };
		EAC4C18C1EAB299E00633807 /* HomeTableViewCell_Manager.xib */ = {isa = PBXFileReference; fileEncoding = 4; lastKnownFileType = file.xib; path = HomeTableViewCell_Manager.xib; sourceTree = "<group>"; };
		EAC4C18F1EAB342500633807 /* StaffDetailViewController.h */ = {isa = PBXFileReference; fileEncoding = 4; lastKnownFileType = sourcecode.c.h; path = StaffDetailViewController.h; sourceTree = "<group>"; };
		EAC4C1901EAB342500633807 /* StaffDetailViewController.m */ = {isa = PBXFileReference; fileEncoding = 4; lastKnownFileType = sourcecode.c.objc; path = StaffDetailViewController.m; sourceTree = "<group>"; };
		EAC4C1911EAB342500633807 /* StaffDetailViewController.xib */ = {isa = PBXFileReference; fileEncoding = 4; lastKnownFileType = file.xib; path = StaffDetailViewController.xib; sourceTree = "<group>"; };
		EAC4C1941EAB537800633807 /* ManagerDetailViewController.h */ = {isa = PBXFileReference; fileEncoding = 4; lastKnownFileType = sourcecode.c.h; path = ManagerDetailViewController.h; sourceTree = "<group>"; };
		EAC4C1951EAB537800633807 /* ManagerDetailViewController.m */ = {isa = PBXFileReference; fileEncoding = 4; lastKnownFileType = sourcecode.c.objc; path = ManagerDetailViewController.m; sourceTree = "<group>"; };
		EAC4C1961EAB537800633807 /* ManagerDetailViewController.xib */ = {isa = PBXFileReference; fileEncoding = 4; lastKnownFileType = file.xib; path = ManagerDetailViewController.xib; sourceTree = "<group>"; };
		EAC4C1991EAB540B00633807 /* GeneralViewController.h */ = {isa = PBXFileReference; fileEncoding = 4; lastKnownFileType = sourcecode.c.h; path = GeneralViewController.h; sourceTree = "<group>"; };
		EAC4C19A1EAB540B00633807 /* GeneralViewController.m */ = {isa = PBXFileReference; fileEncoding = 4; lastKnownFileType = sourcecode.c.objc; path = GeneralViewController.m; sourceTree = "<group>"; };
		EAC4C19B1EAB540B00633807 /* GeneralViewController.xib */ = {isa = PBXFileReference; fileEncoding = 4; lastKnownFileType = file.xib; path = GeneralViewController.xib; sourceTree = "<group>"; };
		EAC4C19E1EAB543500633807 /* FoodViewController.h */ = {isa = PBXFileReference; fileEncoding = 4; lastKnownFileType = sourcecode.c.h; path = FoodViewController.h; sourceTree = "<group>"; };
		EAC4C19F1EAB543500633807 /* FoodViewController.m */ = {isa = PBXFileReference; fileEncoding = 4; lastKnownFileType = sourcecode.c.objc; path = FoodViewController.m; sourceTree = "<group>"; };
		EAC4C1A01EAB543500633807 /* FoodViewController.xib */ = {isa = PBXFileReference; fileEncoding = 4; lastKnownFileType = file.xib; path = FoodViewController.xib; sourceTree = "<group>"; };
		EAC4C1A81EAB552000633807 /* HEViewController.h */ = {isa = PBXFileReference; fileEncoding = 4; lastKnownFileType = sourcecode.c.h; path = HEViewController.h; sourceTree = "<group>"; };
		EAC4C1A91EAB552000633807 /* HEViewController.m */ = {isa = PBXFileReference; fileEncoding = 4; lastKnownFileType = sourcecode.c.objc; path = HEViewController.m; sourceTree = "<group>"; };
		EAC4C1AA1EAB552000633807 /* HEViewController.xib */ = {isa = PBXFileReference; fileEncoding = 4; lastKnownFileType = file.xib; path = HEViewController.xib; sourceTree = "<group>"; };
		EAC4C1B71EAB78F200633807 /* NotificationViewController.h */ = {isa = PBXFileReference; fileEncoding = 4; lastKnownFileType = sourcecode.c.h; path = NotificationViewController.h; sourceTree = "<group>"; };
		EAC4C1B81EAB78F200633807 /* NotificationViewController.m */ = {isa = PBXFileReference; fileEncoding = 4; lastKnownFileType = sourcecode.c.objc; path = NotificationViewController.m; sourceTree = "<group>"; };
		EAC4C1B91EAB78F200633807 /* NotificationViewController.xib */ = {isa = PBXFileReference; fileEncoding = 4; lastKnownFileType = file.xib; path = NotificationViewController.xib; sourceTree = "<group>"; };
		EAC4C1BC1EAB796400633807 /* NotificationTableViewCell.h */ = {isa = PBXFileReference; fileEncoding = 4; lastKnownFileType = sourcecode.c.h; path = NotificationTableViewCell.h; sourceTree = "<group>"; };
		EAC4C1BD1EAB796400633807 /* NotificationTableViewCell.m */ = {isa = PBXFileReference; fileEncoding = 4; lastKnownFileType = sourcecode.c.objc; path = NotificationTableViewCell.m; sourceTree = "<group>"; };
		EAC4C1BE1EAB796400633807 /* NotificationTableViewCell.xib */ = {isa = PBXFileReference; fileEncoding = 4; lastKnownFileType = file.xib; path = NotificationTableViewCell.xib; sourceTree = "<group>"; };
		EAE50CD01E9C8ADE00CB1EBD /* AMS.app */ = {isa = PBXFileReference; explicitFileType = wrapper.application; includeInIndex = 0; path = AMS.app; sourceTree = BUILT_PRODUCTS_DIR; };
		EAE50CD41E9C8ADE00CB1EBD /* main.m */ = {isa = PBXFileReference; lastKnownFileType = sourcecode.c.objc; path = main.m; sourceTree = "<group>"; };
		EAE50CD61E9C8ADE00CB1EBD /* AppDelegate.h */ = {isa = PBXFileReference; lastKnownFileType = sourcecode.c.h; path = AppDelegate.h; sourceTree = "<group>"; };
		EAE50CD71E9C8ADE00CB1EBD /* AppDelegate.m */ = {isa = PBXFileReference; lastKnownFileType = sourcecode.c.objc; path = AppDelegate.m; sourceTree = "<group>"; };
		EAE50CD91E9C8ADE00CB1EBD /* ViewController.h */ = {isa = PBXFileReference; lastKnownFileType = sourcecode.c.h; path = ViewController.h; sourceTree = "<group>"; };
		EAE50CDA1E9C8ADE00CB1EBD /* ViewController.m */ = {isa = PBXFileReference; lastKnownFileType = sourcecode.c.objc; path = ViewController.m; sourceTree = "<group>"; };
		EAE50CDD1E9C8ADE00CB1EBD /* Base */ = {isa = PBXFileReference; lastKnownFileType = file.storyboard; name = Base; path = Base.lproj/Main.storyboard; sourceTree = "<group>"; };
		EAE50CDF1E9C8ADE00CB1EBD /* Assets.xcassets */ = {isa = PBXFileReference; lastKnownFileType = folder.assetcatalog; path = Assets.xcassets; sourceTree = "<group>"; };
		EAE50CE21E9C8ADE00CB1EBD /* Base */ = {isa = PBXFileReference; lastKnownFileType = file.storyboard; name = Base; path = Base.lproj/LaunchScreen.storyboard; sourceTree = "<group>"; };
		EAE50CE41E9C8ADE00CB1EBD /* Info.plist */ = {isa = PBXFileReference; lastKnownFileType = text.plist.xml; path = Info.plist; sourceTree = "<group>"; };
		EAE50CEC1E9C8FB300CB1EBD /* BaseOperation.h */ = {isa = PBXFileReference; fileEncoding = 4; lastKnownFileType = sourcecode.c.h; path = BaseOperation.h; sourceTree = "<group>"; };
		EAE50CED1E9C8FB300CB1EBD /* BaseOperation.m */ = {isa = PBXFileReference; fileEncoding = 4; lastKnownFileType = sourcecode.c.objc; path = BaseOperation.m; sourceTree = "<group>"; };
		EAE50CEE1E9C8FB300CB1EBD /* BaseProxy.h */ = {isa = PBXFileReference; fileEncoding = 4; lastKnownFileType = sourcecode.c.h; path = BaseProxy.h; sourceTree = "<group>"; };
		EAE50CEF1E9C8FB300CB1EBD /* BaseProxy.m */ = {isa = PBXFileReference; fileEncoding = 4; lastKnownFileType = sourcecode.c.objc; path = BaseProxy.m; sourceTree = "<group>"; };
		EAE50CF01E9C8FB300CB1EBD /* DataProxy.h */ = {isa = PBXFileReference; fileEncoding = 4; lastKnownFileType = sourcecode.c.h; path = DataProxy.h; sourceTree = "<group>"; };
		EAE50CF11E9C8FB300CB1EBD /* DataProxy.m */ = {isa = PBXFileReference; fileEncoding = 4; lastKnownFileType = sourcecode.c.objc; path = DataProxy.m; sourceTree = "<group>"; };
		EAE50CF21E9C8FB300CB1EBD /* ShareData.h */ = {isa = PBXFileReference; fileEncoding = 4; lastKnownFileType = sourcecode.c.h; path = ShareData.h; sourceTree = "<group>"; };
		EAE50CF31E9C8FB300CB1EBD /* ShareData.m */ = {isa = PBXFileReference; fileEncoding = 4; lastKnownFileType = sourcecode.c.objc; path = ShareData.m; sourceTree = "<group>"; };
		EAE50CF41E9C8FB300CB1EBD /* ShareSession.h */ = {isa = PBXFileReference; fileEncoding = 4; lastKnownFileType = sourcecode.c.h; path = ShareSession.h; sourceTree = "<group>"; };
		EAE50CF51E9C8FB300CB1EBD /* ShareSession.m */ = {isa = PBXFileReference; fileEncoding = 4; lastKnownFileType = sourcecode.c.objc; path = ShareSession.m; sourceTree = "<group>"; };
		EAE50CFB1E9C8FF300CB1EBD /* BaseViewController.h */ = {isa = PBXFileReference; fileEncoding = 4; lastKnownFileType = sourcecode.c.h; path = BaseViewController.h; sourceTree = "<group>"; };
		EAE50CFC1E9C8FF300CB1EBD /* BaseViewController.m */ = {isa = PBXFileReference; fileEncoding = 4; lastKnownFileType = sourcecode.c.objc; path = BaseViewController.m; sourceTree = "<group>"; };
		EAE50CFE1E9C913100CB1EBD /* PrefixHeader.pch */ = {isa = PBXFileReference; fileEncoding = 4; lastKnownFileType = sourcecode.c.h; path = PrefixHeader.pch; sourceTree = "<group>"; };
		EAE50CFF1E9C913100CB1EBD /* ShareHelper.h */ = {isa = PBXFileReference; fileEncoding = 4; lastKnownFileType = sourcecode.c.h; path = ShareHelper.h; sourceTree = "<group>"; };
		EAE50D001E9C913100CB1EBD /* ShareHelper.m */ = {isa = PBXFileReference; fileEncoding = 4; lastKnownFileType = sourcecode.c.objc; path = ShareHelper.m; sourceTree = "<group>"; };
		EAE50D041E9CD73100CB1EBD /* LoginViewController.h */ = {isa = PBXFileReference; fileEncoding = 4; lastKnownFileType = sourcecode.c.h; path = LoginViewController.h; sourceTree = "<group>"; };
		EAE50D051E9CD73100CB1EBD /* LoginViewController.m */ = {isa = PBXFileReference; fileEncoding = 4; lastKnownFileType = sourcecode.c.objc; path = LoginViewController.m; sourceTree = "<group>"; };
		EAE50D061E9CD73100CB1EBD /* LoginViewController.xib */ = {isa = PBXFileReference; fileEncoding = 4; lastKnownFileType = file.xib; path = LoginViewController.xib; sourceTree = "<group>"; };
		EAE50D0A1E9CDB9000CB1EBD /* MainTabBarController.h */ = {isa = PBXFileReference; fileEncoding = 4; lastKnownFileType = sourcecode.c.h; path = MainTabBarController.h; sourceTree = "<group>"; };
		EAE50D0B1E9CDB9000CB1EBD /* MainTabBarController.m */ = {isa = PBXFileReference; fileEncoding = 4; lastKnownFileType = sourcecode.c.objc; path = MainTabBarController.m; sourceTree = "<group>"; };
		EAFA7ED31E9DD39F000EC3C8 /* Roboto-Black.ttf */ = {isa = PBXFileReference; lastKnownFileType = file; path = "Roboto-Black.ttf"; sourceTree = "<group>"; };
		EAFA7ED41E9DD39F000EC3C8 /* Roboto-BlackItalic.ttf */ = {isa = PBXFileReference; lastKnownFileType = file; path = "Roboto-BlackItalic.ttf"; sourceTree = "<group>"; };
		EAFA7ED51E9DD39F000EC3C8 /* Roboto-Bold.ttf */ = {isa = PBXFileReference; lastKnownFileType = file; path = "Roboto-Bold.ttf"; sourceTree = "<group>"; };
		EAFA7ED61E9DD39F000EC3C8 /* Roboto-BoldItalic.ttf */ = {isa = PBXFileReference; lastKnownFileType = file; path = "Roboto-BoldItalic.ttf"; sourceTree = "<group>"; };
		EAFA7ED71E9DD39F000EC3C8 /* Roboto-Italic.ttf */ = {isa = PBXFileReference; lastKnownFileType = file; path = "Roboto-Italic.ttf"; sourceTree = "<group>"; };
		EAFA7ED81E9DD39F000EC3C8 /* Roboto-Light.ttf */ = {isa = PBXFileReference; lastKnownFileType = file; path = "Roboto-Light.ttf"; sourceTree = "<group>"; };
		EAFA7ED91E9DD39F000EC3C8 /* Roboto-LightItalic.ttf */ = {isa = PBXFileReference; lastKnownFileType = file; path = "Roboto-LightItalic.ttf"; sourceTree = "<group>"; };
		EAFA7EDA1E9DD39F000EC3C8 /* Roboto-Medium.ttf */ = {isa = PBXFileReference; lastKnownFileType = file; path = "Roboto-Medium.ttf"; sourceTree = "<group>"; };
		EAFA7EDB1E9DD39F000EC3C8 /* Roboto-MediumItalic.ttf */ = {isa = PBXFileReference; lastKnownFileType = file; path = "Roboto-MediumItalic.ttf"; sourceTree = "<group>"; };
		EAFA7EDC1E9DD39F000EC3C8 /* Roboto-Regular.ttf */ = {isa = PBXFileReference; lastKnownFileType = file; path = "Roboto-Regular.ttf"; sourceTree = "<group>"; };
		EAFA7EDD1E9DD39F000EC3C8 /* Roboto-Thin.ttf */ = {isa = PBXFileReference; lastKnownFileType = file; path = "Roboto-Thin.ttf"; sourceTree = "<group>"; };
		EAFA7EDE1E9DD39F000EC3C8 /* Roboto-ThinItalic.ttf */ = {isa = PBXFileReference; lastKnownFileType = file; path = "Roboto-ThinItalic.ttf"; sourceTree = "<group>"; };
		EAFA7EDF1E9DD39F000EC3C8 /* RobotoCondensed-Bold.ttf */ = {isa = PBXFileReference; lastKnownFileType = file; path = "RobotoCondensed-Bold.ttf"; sourceTree = "<group>"; };
		EAFA7EE01E9DD39F000EC3C8 /* RobotoCondensed-BoldItalic.ttf */ = {isa = PBXFileReference; lastKnownFileType = file; path = "RobotoCondensed-BoldItalic.ttf"; sourceTree = "<group>"; };
		EAFA7EE11E9DD39F000EC3C8 /* RobotoCondensed-Italic.ttf */ = {isa = PBXFileReference; lastKnownFileType = file; path = "RobotoCondensed-Italic.ttf"; sourceTree = "<group>"; };
		EAFA7EE21E9DD39F000EC3C8 /* RobotoCondensed-Light.ttf */ = {isa = PBXFileReference; lastKnownFileType = file; path = "RobotoCondensed-Light.ttf"; sourceTree = "<group>"; };
		EAFA7EE31E9DD39F000EC3C8 /* RobotoCondensed-LightItalic.ttf */ = {isa = PBXFileReference; lastKnownFileType = file; path = "RobotoCondensed-LightItalic.ttf"; sourceTree = "<group>"; };
		EAFA7EE41E9DD39F000EC3C8 /* RobotoCondensed-Regular.ttf */ = {isa = PBXFileReference; lastKnownFileType = file; path = "RobotoCondensed-Regular.ttf"; sourceTree = "<group>"; };
		EAFA7EE71E9E1615000EC3C8 /* StaffListViewController.h */ = {isa = PBXFileReference; fileEncoding = 4; lastKnownFileType = sourcecode.c.h; path = StaffListViewController.h; sourceTree = "<group>"; };
		EAFA7EE81E9E1615000EC3C8 /* StaffListViewController.m */ = {isa = PBXFileReference; fileEncoding = 4; lastKnownFileType = sourcecode.c.objc; path = StaffListViewController.m; sourceTree = "<group>"; };
		EAFA7EE91E9E1615000EC3C8 /* StaffListViewController.xib */ = {isa = PBXFileReference; fileEncoding = 4; lastKnownFileType = file.xib; path = StaffListViewController.xib; sourceTree = "<group>"; };
		EAFA7EEC1E9E162D000EC3C8 /* StaffCommandViewController.h */ = {isa = PBXFileReference; fileEncoding = 4; lastKnownFileType = sourcecode.c.h; path = StaffCommandViewController.h; sourceTree = "<group>"; };
		EAFA7EED1E9E162D000EC3C8 /* StaffCommandViewController.m */ = {isa = PBXFileReference; fileEncoding = 4; lastKnownFileType = sourcecode.c.objc; path = StaffCommandViewController.m; sourceTree = "<group>"; };
		EAFA7EEE1E9E162D000EC3C8 /* StaffCommandViewController.xib */ = {isa = PBXFileReference; fileEncoding = 4; lastKnownFileType = file.xib; path = StaffCommandViewController.xib; sourceTree = "<group>"; };
		EAFA7EF11E9E1685000EC3C8 /* StaffSettingViewController.h */ = {isa = PBXFileReference; fileEncoding = 4; lastKnownFileType = sourcecode.c.h; path = StaffSettingViewController.h; sourceTree = "<group>"; };
		EAFA7EF21E9E1685000EC3C8 /* StaffSettingViewController.m */ = {isa = PBXFileReference; fileEncoding = 4; lastKnownFileType = sourcecode.c.objc; path = StaffSettingViewController.m; sourceTree = "<group>"; };
		EAFA7EF31E9E1685000EC3C8 /* StaffSettingViewController.xib */ = {isa = PBXFileReference; fileEncoding = 4; lastKnownFileType = file.xib; path = StaffSettingViewController.xib; sourceTree = "<group>"; };
		EAFA7EF61E9E16A0000EC3C8 /* ManagerListViewController.h */ = {isa = PBXFileReference; fileEncoding = 4; lastKnownFileType = sourcecode.c.h; path = ManagerListViewController.h; sourceTree = "<group>"; };
		EAFA7EF71E9E16A0000EC3C8 /* ManagerListViewController.m */ = {isa = PBXFileReference; fileEncoding = 4; lastKnownFileType = sourcecode.c.objc; path = ManagerListViewController.m; sourceTree = "<group>"; };
		EAFA7EF81E9E16A0000EC3C8 /* ManagerListViewController.xib */ = {isa = PBXFileReference; fileEncoding = 4; lastKnownFileType = file.xib; path = ManagerListViewController.xib; sourceTree = "<group>"; };
/* End PBXFileReference section */

/* Begin PBXFrameworksBuildPhase section */
		EAE50CCD1E9C8ADE00CB1EBD /* Frameworks */ = {
			isa = PBXFrameworksBuildPhase;
			buildActionMask = 2147483647;
			files = (
				E5137C1E59EA48192CE10961 /* libPods-AMS.a in Frameworks */,
			);
			runOnlyForDeploymentPostprocessing = 0;
		};
/* End PBXFrameworksBuildPhase section */

/* Begin PBXGroup section */
		96914D0BC373E6759870EA2A /* Frameworks */ = {
			isa = PBXGroup;
			children = (
				39299C4EB4E7F4D14A078C4D /* libPods-AMS.a */,
			);
			name = Frameworks;
			sourceTree = "<group>";
		};
		C328C21CD28A77D0FEC4BCAC /* Pods */ = {
			isa = PBXGroup;
			children = (
				AA17013B6BCA3DB58B5FAE14 /* Pods-AMS.debug.xcconfig */,
				9F3D00199450863E3BE6C761 /* Pods-AMS.release.xcconfig */,
			);
			name = Pods;
			sourceTree = "<group>";
		};
		EA5DC7311ED41ECA00F65B7D /* Helper */ = {
			isa = PBXGroup;
			children = (
				EAAD00011ED589D5008D7C75 /* UIBarButtonItem+Badge.h */,
				EAAD00021ED589D5008D7C75 /* UIBarButtonItem+Badge.m */,
				EA5DC7321ED41F0B00F65B7D /* OpenUDID.h */,
				EA5DC7331ED41F0B00F65B7D /* OpenUDID.m */,
			);
			path = Helper;
			sourceTree = "<group>";
		};
		EAE50CC71E9C8ADE00CB1EBD = {
			isa = PBXGroup;
			children = (
				EAE50CD21E9C8ADE00CB1EBD /* AMS */,
				EAE50CD11E9C8ADE00CB1EBD /* Products */,
				C328C21CD28A77D0FEC4BCAC /* Pods */,
				96914D0BC373E6759870EA2A /* Frameworks */,
			);
			sourceTree = "<group>";
		};
		EAE50CD11E9C8ADE00CB1EBD /* Products */ = {
			isa = PBXGroup;
			children = (
				EAE50CD01E9C8ADE00CB1EBD /* AMS.app */,
			);
			name = Products;
			sourceTree = "<group>";
		};
		EAE50CD21E9C8ADE00CB1EBD /* AMS */ = {
			isa = PBXGroup;
			children = (
				EAADFFF81ED53B77008D7C75 /* AMS.entitlements */,
				EA5DC7311ED41ECA00F65B7D /* Helper */,
				EAFA7ED21E9DD34B000EC3C8 /* Resources */,
				EAE50CEB1E9C8F8500CB1EBD /* Model */,
				EAE50CEA1E9C8F7E00CB1EBD /* Client */,
				EAFA7EE61E9E15AF000EC3C8 /* Manager */,
				EAFA7EE51E9E1590000EC3C8 /* Staff */,
				EAE50CD61E9C8ADE00CB1EBD /* AppDelegate.h */,
				EAE50CD71E9C8ADE00CB1EBD /* AppDelegate.m */,
				EAE50CFB1E9C8FF300CB1EBD /* BaseViewController.h */,
				EAE50CFC1E9C8FF300CB1EBD /* BaseViewController.m */,
				EAE50D0A1E9CDB9000CB1EBD /* MainTabBarController.h */,
				EAE50D0B1E9CDB9000CB1EBD /* MainTabBarController.m */,
				EAE50CD91E9C8ADE00CB1EBD /* ViewController.h */,
				EAE50CDA1E9C8ADE00CB1EBD /* ViewController.m */,
				EAE50D041E9CD73100CB1EBD /* LoginViewController.h */,
				EAE50D051E9CD73100CB1EBD /* LoginViewController.m */,
				EAE50D061E9CD73100CB1EBD /* LoginViewController.xib */,
				EAC4C1B71EAB78F200633807 /* NotificationViewController.h */,
				EAC4C1B81EAB78F200633807 /* NotificationViewController.m */,
				EAC4C1B91EAB78F200633807 /* NotificationViewController.xib */,
				EAC4C1BC1EAB796400633807 /* NotificationTableViewCell.h */,
				EAC4C1BD1EAB796400633807 /* NotificationTableViewCell.m */,
				EAC4C1BE1EAB796400633807 /* NotificationTableViewCell.xib */,
				EA5671DD1EB1D42A002D69C9 /* ShowOptionViewController.h */,
				EA5671DE1EB1D42A002D69C9 /* ShowOptionViewController.m */,
				EA5671DF1EB1D42A002D69C9 /* ShowOptionViewController.xib */,
				EA5671E31EB1DFED002D69C9 /* OptionTableViewCell.h */,
				EA5671E41EB1DFED002D69C9 /* OptionTableViewCell.m */,
				EA5671E51EB1DFED002D69C9 /* OptionTableViewCell.xib */,
				EA23900C1EBA308B0098A867 /* CustomButton.h */,
				EA23900D1EBA308B0098A867 /* CustomButton.m */,
				EA5DA3441ECD8A6C00867E28 /* CustomAlertView.h */,
				EA5DA3451ECD8A6C00867E28 /* CustomAlertView.m */,
				EA3A00411EBB738A002DFABE /* UploadQueue.h */,
				EA3A00421EBB738A002DFABE /* UploadQueue.m */,
				EAE50CDC1E9C8ADE00CB1EBD /* Main.storyboard */,
				EAE50CDF1E9C8ADE00CB1EBD /* Assets.xcassets */,
				EAE50CE11E9C8ADE00CB1EBD /* LaunchScreen.storyboard */,
				EAE50CE41E9C8ADE00CB1EBD /* Info.plist */,
				EAADFFF91ED53D57008D7C75 /* GoogleService-Info.plist */,
				EAE50CD31E9C8ADE00CB1EBD /* Supporting Files */,
			);
			path = AMS;
			sourceTree = "<group>";
		};
		EAE50CD31E9C8ADE00CB1EBD /* Supporting Files */ = {
			isa = PBXGroup;
			children = (
				EAE50CFE1E9C913100CB1EBD /* PrefixHeader.pch */,
				EAE50CFF1E9C913100CB1EBD /* ShareHelper.h */,
				EAE50D001E9C913100CB1EBD /* ShareHelper.m */,
				EAE50CD41E9C8ADE00CB1EBD /* main.m */,
			);
			name = "Supporting Files";
			sourceTree = "<group>";
		};
		EAE50CEA1E9C8F7E00CB1EBD /* Client */ = {
			isa = PBXGroup;
			children = (
				EAE50CEC1E9C8FB300CB1EBD /* BaseOperation.h */,
				EAE50CED1E9C8FB300CB1EBD /* BaseOperation.m */,
				EAE50CEE1E9C8FB300CB1EBD /* BaseProxy.h */,
				EAE50CEF1E9C8FB300CB1EBD /* BaseProxy.m */,
				EAE50CF01E9C8FB300CB1EBD /* DataProxy.h */,
				EAE50CF11E9C8FB300CB1EBD /* DataProxy.m */,
				EAE50CF21E9C8FB300CB1EBD /* ShareData.h */,
				EAE50CF31E9C8FB300CB1EBD /* ShareData.m */,
				EAE50CF41E9C8FB300CB1EBD /* ShareSession.h */,
				EAE50CF51E9C8FB300CB1EBD /* ShareSession.m */,
			);
			path = Client;
			sourceTree = "<group>";
		};
		EAE50CEB1E9C8F8500CB1EBD /* Model */ = {
			isa = PBXGroup;
			children = (
				EA9520BC1EA7207C0064A90E /* UserRecord.h */,
				EA9520BD1EA7207C0064A90E /* UserRecord.m */,
				EAC4C1871EAB076F00633807 /* ListAquacultureRecord.h */,
				EAC4C1881EAB076F00633807 /* ListAquacultureRecord.m */,
				EAC4C17E1EAB053700633807 /* AquacultureRecord.h */,
				EAC4C17F1EAB053700633807 /* AquacultureRecord.m */,
				EAC4C1811EAB063B00633807 /* CurrentInfoRecord.h */,
				EAC4C1821EAB063B00633807 /* CurrentInfoRecord.m */,
				EAC4C1841EAB065300633807 /* HealthRecord.h */,
				EAC4C1851EAB065300633807 /* HealthRecord.m */,
				EA241B571EB2E81A0070C508 /* ListDataRecord.h */,
				EA241B581EB2E81A0070C508 /* ListDataRecord.m */,
				EA241B5A1EB2E8310070C508 /* FoodRecord.h */,
				EA241B5B1EB2E8310070C508 /* FoodRecord.m */,
				EAA970E61EB97ED40001DEED /* Health1Record.h */,
				EAA970E71EB97ED40001DEED /* Health1Record.m */,
				EAA970E91EB97F3B0001DEED /* MedicineRecord.h */,
				EAA970EA1EB97F3B0001DEED /* MedicineRecord.m */,
				EA23900F1EBA366F0098A867 /* RowRecord.h */,
				EA2390101EBA366F0098A867 /* RowRecord.m */,
				EA3A00441EBB7614002DFABE /* UploadResult.h */,
				EA3A00451EBB7614002DFABE /* UploadResult.m */,
				EA3A00471EBB7888002DFABE /* PhotoUpload.h */,
				EA3A00481EBB7888002DFABE /* PhotoUpload.m */,
				EA28355B1EC0D5F700318603 /* CommandRecord.h */,
				EA28355C1EC0D5F700318603 /* CommandRecord.m */,
				EA4FC2751EC84A2D00286514 /* FishDeadRecord.h */,
				EA4FC2761EC84A2D00286514 /* FishDeadRecord.m */,
				EA4FC2781EC84A4E00286514 /* DetailFishDeadRecord.h */,
				EA4FC2791EC84A4E00286514 /* DetailFishDeadRecord.m */,
				EA4FC27B1EC8633600286514 /* FishSizeRecord.h */,
				EA4FC27C1EC8633600286514 /* FishSizeRecord.m */,
				EA4FC27E1EC8677B00286514 /* ChartFoodRecord.h */,
				EA4FC27F1EC8677B00286514 /* ChartFoodRecord.m */,
				EA4FC2811EC867C700286514 /* ChartEnvironmentRecord.h */,
				EA4FC2821EC867C700286514 /* ChartEnvironmentRecord.m */,
				EA4FC2841EC867F300286514 /* EnvironmentRecord.h */,
				EA4FC2851EC867F300286514 /* EnvironmentRecord.m */,
				EA25BBD81ECA0A9F007B7722 /* CheckListDetailRecord.h */,
				EA25BBD91ECA0A9F007B7722 /* CheckListDetailRecord.m */,
				EA37C2601ED286E700ECD7EE /* UserAreaRecord.h */,
				EA37C2611ED286E700ECD7EE /* UserAreaRecord.m */,
				EAADFFFB1ED580DA008D7C75 /* NotificationRecord.h */,
				EAADFFFC1ED580DA008D7C75 /* NotificationRecord.m */,
				EAADFFFE1ED58135008D7C75 /* NotificationDataRecord.h */,
				EAADFFFF1ED58135008D7C75 /* NotificationDataRecord.m */,
			);
			path = Model;
			sourceTree = "<group>";
		};
		EAFA7ED21E9DD34B000EC3C8 /* Resources */ = {
			isa = PBXGroup;
			children = (
				EAFA7ED31E9DD39F000EC3C8 /* Roboto-Black.ttf */,
				EAFA7ED41E9DD39F000EC3C8 /* Roboto-BlackItalic.ttf */,
				EAFA7ED51E9DD39F000EC3C8 /* Roboto-Bold.ttf */,
				EAFA7ED61E9DD39F000EC3C8 /* Roboto-BoldItalic.ttf */,
				EAFA7ED71E9DD39F000EC3C8 /* Roboto-Italic.ttf */,
				EAFA7ED81E9DD39F000EC3C8 /* Roboto-Light.ttf */,
				EAFA7ED91E9DD39F000EC3C8 /* Roboto-LightItalic.ttf */,
				EAFA7EDA1E9DD39F000EC3C8 /* Roboto-Medium.ttf */,
				EAFA7EDB1E9DD39F000EC3C8 /* Roboto-MediumItalic.ttf */,
				EAFA7EDC1E9DD39F000EC3C8 /* Roboto-Regular.ttf */,
				EAFA7EDD1E9DD39F000EC3C8 /* Roboto-Thin.ttf */,
				EAFA7EDE1E9DD39F000EC3C8 /* Roboto-ThinItalic.ttf */,
				EAFA7EDF1E9DD39F000EC3C8 /* RobotoCondensed-Bold.ttf */,
				EAFA7EE01E9DD39F000EC3C8 /* RobotoCondensed-BoldItalic.ttf */,
				EAFA7EE11E9DD39F000EC3C8 /* RobotoCondensed-Italic.ttf */,
				EAFA7EE21E9DD39F000EC3C8 /* RobotoCondensed-Light.ttf */,
				EAFA7EE31E9DD39F000EC3C8 /* RobotoCondensed-LightItalic.ttf */,
				EAFA7EE41E9DD39F000EC3C8 /* RobotoCondensed-Regular.ttf */,
			);
			path = Resources;
			sourceTree = "<group>";
		};
		EAFA7EE51E9E1590000EC3C8 /* Staff */ = {
			isa = PBXGroup;
			children = (
				EAFA7EE71E9E1615000EC3C8 /* StaffListViewController.h */,
				EAFA7EE81E9E1615000EC3C8 /* StaffListViewController.m */,
				EAFA7EE91E9E1615000EC3C8 /* StaffListViewController.xib */,
				EAC4C18F1EAB342500633807 /* StaffDetailViewController.h */,
				EAC4C1901EAB342500633807 /* StaffDetailViewController.m */,
				EAC4C1911EAB342500633807 /* StaffDetailViewController.xib */,
				EA40E3E71EB08159000CE84F /* UploadViewController.h */,
				EA40E3E81EB08159000CE84F /* UploadViewController.m */,
				EA40E3E91EB08159000CE84F /* UploadViewController.xib */,
				EA40E3D81EB0811D000CE84F /* UploadViewController1.h */,
				EA40E3D91EB0811D000CE84F /* UploadViewController1.m */,
				EA40E3DA1EB0811D000CE84F /* UploadViewController1.xib */,
				EA40E3DD1EB08136000CE84F /* UploadViewController2.h */,
				EA40E3DE1EB08136000CE84F /* UploadViewController2.m */,
				EA40E3DF1EB08136000CE84F /* UploadViewController2.xib */,
				EA40E3E21EB08149000CE84F /* UploadViewController3.h */,
				EA40E3E31EB08149000CE84F /* UploadViewController3.m */,
				EA40E3E41EB08149000CE84F /* UploadViewController3.xib */,
				EA2390071EBA2C540098A867 /* MedicineTableViewCell.h */,
				EA2390081EBA2C540098A867 /* MedicineTableViewCell.m */,
				EA2390091EBA2C540098A867 /* MedicineTableViewCell.xib */,
				EA1F6B3E1EA8B15600A3A26F /* HomeTableViewCell.h */,
				EA1F6B3F1EA8B15600A3A26F /* HomeTableViewCell.m */,
				EA1F6B401EA8B15600A3A26F /* HomeTableViewCell.xib */,
				EAFA7EEC1E9E162D000EC3C8 /* StaffCommandViewController.h */,
				EAFA7EED1E9E162D000EC3C8 /* StaffCommandViewController.m */,
				EAFA7EEE1E9E162D000EC3C8 /* StaffCommandViewController.xib */,
				EA28355E1EC0D99F00318603 /* StaffCommandTableViewCell.h */,
				EA28355F1EC0D99F00318603 /* StaffCommandTableViewCell.m */,
				EA2835601EC0D99F00318603 /* StaffCommandTableViewCell.xib */,
				EAFA7EF11E9E1685000EC3C8 /* StaffSettingViewController.h */,
				EAFA7EF21E9E1685000EC3C8 /* StaffSettingViewController.m */,
				EAFA7EF31E9E1685000EC3C8 /* StaffSettingViewController.xib */,
				EA5DC7351ED4249E00F65B7D /* ChangePasswordViewController.h */,
				EA5DC7361ED4249E00F65B7D /* ChangePasswordViewController.m */,
				EA5DC7371ED4249E00F65B7D /* ChangePasswordViewController.xib */,
				EA2F2F431ECC36E700A6F08A /* PhotoCollectionViewCell.h */,
				EA2F2F441ECC36E700A6F08A /* PhotoCollectionViewCell.m */,
				EA2F2F451ECC36E700A6F08A /* PhotoCollectionViewCell.xib */,
			);
			path = Staff;
			sourceTree = "<group>";
		};
		EAFA7EE61E9E15AF000EC3C8 /* Manager */ = {
			isa = PBXGroup;
			children = (
				EAFA7EF61E9E16A0000EC3C8 /* ManagerListViewController.h */,
				EAFA7EF71E9E16A0000EC3C8 /* ManagerListViewController.m */,
				EAFA7EF81E9E16A0000EC3C8 /* ManagerListViewController.xib */,
				EAC4C1941EAB537800633807 /* ManagerDetailViewController.h */,
				EAC4C1951EAB537800633807 /* ManagerDetailViewController.m */,
				EAC4C1961EAB537800633807 /* ManagerDetailViewController.xib */,
				EAC4C1991EAB540B00633807 /* GeneralViewController.h */,
				EAC4C19A1EAB540B00633807 /* GeneralViewController.m */,
				EAC4C19B1EAB540B00633807 /* GeneralViewController.xib */,
				EA2E87C61EC23E940037CE77 /* GeneralViewController1.h */,
				EA2E87C71EC23E940037CE77 /* GeneralViewController1.m */,
				EA2E87C81EC23E940037CE77 /* GeneralViewController1.xib */,
				EA2E87CB1EC23EB00037CE77 /* GeneralViewController2.h */,
				EA2E87CC1EC23EB00037CE77 /* GeneralViewController2.m */,
				EA2E87CD1EC23EB00037CE77 /* GeneralViewController2.xib */,
				EA2E87D01EC23EC00037CE77 /* GeneralViewController3.h */,
				EA2E87D11EC23EC00037CE77 /* GeneralViewController3.m */,
				EA2E87D21EC23EC00037CE77 /* GeneralViewController3.xib */,
				EA2E87D51EC23ED60037CE77 /* GeneralViewController4.h */,
				EA2E87D61EC23ED60037CE77 /* GeneralViewController4.m */,
				EA2E87D71EC23ED60037CE77 /* GeneralViewController4.xib */,
				EAC4C19E1EAB543500633807 /* FoodViewController.h */,
				EAC4C19F1EAB543500633807 /* FoodViewController.m */,
				EAC4C1A01EAB543500633807 /* FoodViewController.xib */,
				EA2FAADE1ECE16E2004F3B28 /* FoodViewController1.h */,
				EA2FAADF1ECE16E2004F3B28 /* FoodViewController1.m */,
				EA2FAAE01ECE16E2004F3B28 /* FoodViewController1.xib */,
				EA2FAAE31ECE16F1004F3B28 /* FoodViewController2.h */,
				EA2FAAE41ECE16F1004F3B28 /* FoodViewController2.m */,
				EA2FAAE51ECE16F1004F3B28 /* FoodViewController2.xib */,
				EAC4C1A81EAB552000633807 /* HEViewController.h */,
				EAC4C1A91EAB552000633807 /* HEViewController.m */,
				EAC4C1AA1EAB552000633807 /* HEViewController.xib */,
				EA40AF251ECEA250002FA3B0 /* HEViewController1.h */,
				EA40AF261ECEA250002FA3B0 /* HEViewController1.m */,
				EA40AF271ECEA250002FA3B0 /* HEViewController1.xib */,
				EA40AF2A1ECEA268002FA3B0 /* HEViewController2.h */,
				EA40AF2B1ECEA268002FA3B0 /* HEViewController2.m */,
				EA40AF2C1ECEA268002FA3B0 /* HEViewController2.xib */,
				EA40AF2F1ECEA295002FA3B0 /* HEViewController3.h */,
				EA40AF301ECEA295002FA3B0 /* HEViewController3.m */,
				EA40AF311ECEA295002FA3B0 /* HEViewController3.xib */,
				EAC4C18A1EAB299E00633807 /* HomeTableViewCell_Manager.h */,
				EAC4C18B1EAB299E00633807 /* HomeTableViewCell_Manager.m */,
				EAC4C18C1EAB299E00633807 /* HomeTableViewCell_Manager.xib */,
				EA40AF341ECF158E002FA3B0 /* ManagerCommandViewController.h */,
				EA40AF351ECF158E002FA3B0 /* ManagerCommandViewController.m */,
				EA40AF361ECF158E002FA3B0 /* ManagerCommandViewController.xib */,
				EA5DC7271ED3E2A100F65B7D /* CommandViewController.h */,
				EA5DC7281ED3E2A100F65B7D /* CommandViewController.m */,
				EA5DC7291ED3E2A100F65B7D /* CommandViewController.xib */,
				EA5DC72C1ED3EFBD00F65B7D /* DetailCommandViewController.h */,
				EA5DC72D1ED3EFBD00F65B7D /* DetailCommandViewController.m */,
				EA5DC72E1ED3EFBD00F65B7D /* DetailCommandViewController.xib */,
			);
			path = Manager;
			sourceTree = "<group>";
		};
/* End PBXGroup section */

/* Begin PBXNativeTarget section */
		EAE50CCF1E9C8ADE00CB1EBD /* AMS */ = {
			isa = PBXNativeTarget;
			buildConfigurationList = EAE50CE71E9C8ADE00CB1EBD /* Build configuration list for PBXNativeTarget "AMS" */;
			buildPhases = (
				21099B9C22943DB48DE176DD /* [CP] Check Pods Manifest.lock */,
				EAE50CCC1E9C8ADE00CB1EBD /* Sources */,
				EAE50CCD1E9C8ADE00CB1EBD /* Frameworks */,
				EAE50CCE1E9C8ADE00CB1EBD /* Resources */,
				61CBB76B78B3C7136ADB267C /* [CP] Embed Pods Frameworks */,
				102A19CD7BF234B9A3015502 /* [CP] Copy Pods Resources */,
			);
			buildRules = (
			);
			dependencies = (
			);
			name = AMS;
			productName = AMS;
			productReference = EAE50CD01E9C8ADE00CB1EBD /* AMS.app */;
			productType = "com.apple.product-type.application";
		};
/* End PBXNativeTarget section */

/* Begin PBXProject section */
		EAE50CC81E9C8ADE00CB1EBD /* Project object */ = {
			isa = PBXProject;
			attributes = {
				LastUpgradeCheck = 0820;
				ORGANIZATIONNAME = SonNguyen;
				TargetAttributes = {
					EAE50CCF1E9C8ADE00CB1EBD = {
						CreatedOnToolsVersion = 8.2.1;
						DevelopmentTeam = 7755R4CX4U;
						ProvisioningStyle = Manual;
						SystemCapabilities = {
							com.apple.Push = {
								enabled = 1;
							};
						};
					};
				};
			};
			buildConfigurationList = EAE50CCB1E9C8ADE00CB1EBD /* Build configuration list for PBXProject "AMS" */;
			compatibilityVersion = "Xcode 3.2";
			developmentRegion = English;
			hasScannedForEncodings = 0;
			knownRegions = (
				en,
				Base,
			);
			mainGroup = EAE50CC71E9C8ADE00CB1EBD;
			productRefGroup = EAE50CD11E9C8ADE00CB1EBD /* Products */;
			projectDirPath = "";
			projectRoot = "";
			targets = (
				EAE50CCF1E9C8ADE00CB1EBD /* AMS */,
			);
		};
/* End PBXProject section */

/* Begin PBXResourcesBuildPhase section */
		EAE50CCE1E9C8ADE00CB1EBD /* Resources */ = {
			isa = PBXResourcesBuildPhase;
			buildActionMask = 2147483647;
			files = (
				EAC4C1C01EAB796400633807 /* NotificationTableViewCell.xib in Resources */,
				EAC4C1AC1EAB552100633807 /* HEViewController.xib in Resources */,
				EA5DC7391ED4249E00F65B7D /* ChangePasswordViewController.xib in Resources */,
				EA2835621EC0D99F00318603 /* StaffCommandTableViewCell.xib in Resources */,
				EA1F6B421EA8B15600A3A26F /* HomeTableViewCell.xib in Resources */,
				EA40AF2E1ECEA268002FA3B0 /* HEViewController2.xib in Resources */,
				EAC4C1981EAB537800633807 /* ManagerDetailViewController.xib in Resources */,
				EAE50D081E9CD73100CB1EBD /* LoginViewController.xib in Resources */,
				EA2FAAE21ECE16E2004F3B28 /* FoodViewController1.xib in Resources */,
				EAC4C18E1EAB299E00633807 /* HomeTableViewCell_Manager.xib in Resources */,
				EA5DC7301ED3EFBD00F65B7D /* DetailCommandViewController.xib in Resources */,
				EA2E87CF1EC23EB00037CE77 /* GeneralViewController2.xib in Resources */,
				EAFA7EEB1E9E1615000EC3C8 /* StaffListViewController.xib in Resources */,
				EAFA7EF51E9E1685000EC3C8 /* StaffSettingViewController.xib in Resources */,
				EAE50CE31E9C8ADE00CB1EBD /* LaunchScreen.storyboard in Resources */,
				EA40E3EB1EB08159000CE84F /* UploadViewController.xib in Resources */,
				EA40E3DC1EB0811D000CE84F /* UploadViewController1.xib in Resources */,
				EA40E3E11EB08136000CE84F /* UploadViewController2.xib in Resources */,
				EA5671E11EB1D42A002D69C9 /* ShowOptionViewController.xib in Resources */,
				EA2E87D41EC23EC00037CE77 /* GeneralViewController3.xib in Resources */,
				EA40AF381ECF158E002FA3B0 /* ManagerCommandViewController.xib in Resources */,
				EAFA7EFA1E9E16A0000EC3C8 /* ManagerListViewController.xib in Resources */,
				EAE50CE01E9C8ADE00CB1EBD /* Assets.xcassets in Resources */,
				EA40E3E61EB08149000CE84F /* UploadViewController3.xib in Resources */,
				EAC4C19D1EAB540B00633807 /* GeneralViewController.xib in Resources */,
				EAC4C1931EAB342500633807 /* StaffDetailViewController.xib in Resources */,
				EAE50CDE1E9C8ADE00CB1EBD /* Main.storyboard in Resources */,
				EA23900B1EBA2C540098A867 /* MedicineTableViewCell.xib in Resources */,
				EAC4C1BB1EAB78F200633807 /* NotificationViewController.xib in Resources */,
				EA2FAAE71ECE16F1004F3B28 /* FoodViewController2.xib in Resources */,
				EA2E87D91EC23ED60037CE77 /* GeneralViewController4.xib in Resources */,
				EA40AF331ECEA295002FA3B0 /* HEViewController3.xib in Resources */,
				EAC4C1A21EAB543500633807 /* FoodViewController.xib in Resources */,
				EA2E87CA1EC23E940037CE77 /* GeneralViewController1.xib in Resources */,
				EA40AF291ECEA250002FA3B0 /* HEViewController1.xib in Resources */,
				EA5DC72B1ED3E2A100F65B7D /* CommandViewController.xib in Resources */,
				EA2F2F471ECC36E700A6F08A /* PhotoCollectionViewCell.xib in Resources */,
				EA5671E71EB1DFED002D69C9 /* OptionTableViewCell.xib in Resources */,
				EAADFFFA1ED53D57008D7C75 /* GoogleService-Info.plist in Resources */,
				EAFA7EF01E9E162D000EC3C8 /* StaffCommandViewController.xib in Resources */,
			);
			runOnlyForDeploymentPostprocessing = 0;
		};
/* End PBXResourcesBuildPhase section */

/* Begin PBXShellScriptBuildPhase section */
		102A19CD7BF234B9A3015502 /* [CP] Copy Pods Resources */ = {
			isa = PBXShellScriptBuildPhase;
			buildActionMask = 2147483647;
			files = (
			);
			inputPaths = (
			);
			name = "[CP] Copy Pods Resources";
			outputPaths = (
			);
			runOnlyForDeploymentPostprocessing = 0;
			shellPath = /bin/sh;
			shellScript = "\"${SRCROOT}/Pods/Target Support Files/Pods-AMS/Pods-AMS-resources.sh\"\n";
			showEnvVarsInLog = 0;
		};
		21099B9C22943DB48DE176DD /* [CP] Check Pods Manifest.lock */ = {
			isa = PBXShellScriptBuildPhase;
			buildActionMask = 2147483647;
			files = (
			);
			inputPaths = (
			);
			name = "[CP] Check Pods Manifest.lock";
			outputPaths = (
			);
			runOnlyForDeploymentPostprocessing = 0;
			shellPath = /bin/sh;
			shellScript = "diff \"${PODS_ROOT}/../Podfile.lock\" \"${PODS_ROOT}/Manifest.lock\" > /dev/null\nif [ $? != 0 ] ; then\n    # print error to STDERR\n    echo \"error: The sandbox is not in sync with the Podfile.lock. Run 'pod install' or update your CocoaPods installation.\" >&2\n    exit 1\nfi\n";
			showEnvVarsInLog = 0;
		};
		61CBB76B78B3C7136ADB267C /* [CP] Embed Pods Frameworks */ = {
			isa = PBXShellScriptBuildPhase;
			buildActionMask = 2147483647;
			files = (
			);
			inputPaths = (
			);
			name = "[CP] Embed Pods Frameworks";
			outputPaths = (
			);
			runOnlyForDeploymentPostprocessing = 0;
			shellPath = /bin/sh;
			shellScript = "\"${SRCROOT}/Pods/Target Support Files/Pods-AMS/Pods-AMS-frameworks.sh\"\n";
			showEnvVarsInLog = 0;
		};
/* End PBXShellScriptBuildPhase section */

/* Begin PBXSourcesBuildPhase section */
		EAE50CCC1E9C8ADE00CB1EBD /* Sources */ = {
			isa = PBXSourcesBuildPhase;
			buildActionMask = 2147483647;
			files = (
				EAC4C1BF1EAB796400633807 /* NotificationTableViewCell.m in Sources */,
				EA40AF321ECEA295002FA3B0 /* HEViewController3.m in Sources */,
				EA40AF371ECF158E002FA3B0 /* ManagerCommandViewController.m in Sources */,
				EA40AF281ECEA250002FA3B0 /* HEViewController1.m in Sources */,
				EAC4C1BA1EAB78F200633807 /* NotificationViewController.m in Sources */,
				EA40AF2D1ECEA268002FA3B0 /* HEViewController2.m in Sources */,
				EAE50CFA1E9C8FB300CB1EBD /* ShareSession.m in Sources */,
				EAC4C1801EAB053700633807 /* AquacultureRecord.m in Sources */,
				EA23900E1EBA308B0098A867 /* CustomButton.m in Sources */,
				EA5671E61EB1DFED002D69C9 /* OptionTableViewCell.m in Sources */,
				EAC4C1861EAB065300633807 /* HealthRecord.m in Sources */,
				EAE50D011E9C913100CB1EBD /* ShareHelper.m in Sources */,
				EA3A00461EBB7614002DFABE /* UploadResult.m in Sources */,
				EA1F6B411EA8B15600A3A26F /* HomeTableViewCell.m in Sources */,
				EA4FC2861EC867F300286514 /* EnvironmentRecord.m in Sources */,
				EA25BBDA1ECA0A9F007B7722 /* CheckListDetailRecord.m in Sources */,
				EA4FC27A1EC84A4E00286514 /* DetailFishDeadRecord.m in Sources */,
				EA5DC72A1ED3E2A100F65B7D /* CommandViewController.m in Sources */,
				EA4FC2831EC867C700286514 /* ChartEnvironmentRecord.m in Sources */,
				EA40E3EA1EB08159000CE84F /* UploadViewController.m in Sources */,
				EA5DC7341ED41F0B00F65B7D /* OpenUDID.m in Sources */,
				EA9520BE1EA7207C0064A90E /* UserRecord.m in Sources */,
				EA2E87C91EC23E940037CE77 /* GeneralViewController1.m in Sources */,
				EAA970EB1EB97F3B0001DEED /* MedicineRecord.m in Sources */,
				EA5DC7381ED4249E00F65B7D /* ChangePasswordViewController.m in Sources */,
				EA2FAAE61ECE16F1004F3B28 /* FoodViewController2.m in Sources */,
				EAE50D0C1E9CDB9000CB1EBD /* MainTabBarController.m in Sources */,
				EAC4C1891EAB076F00633807 /* ListAquacultureRecord.m in Sources */,
				EAFA7EEA1E9E1615000EC3C8 /* StaffListViewController.m in Sources */,
				EA2F2F461ECC36E700A6F08A /* PhotoCollectionViewCell.m in Sources */,
				EAA970E81EB97ED40001DEED /* Health1Record.m in Sources */,
				EAE50CFD1E9C8FF300CB1EBD /* BaseViewController.m in Sources */,
				EAE50CF91E9C8FB300CB1EBD /* ShareData.m in Sources */,
				EAE50CF71E9C8FB300CB1EBD /* BaseProxy.m in Sources */,
				EAFA7EEF1E9E162D000EC3C8 /* StaffCommandViewController.m in Sources */,
				EAC4C1AB1EAB552000633807 /* HEViewController.m in Sources */,
				EAFA7EF41E9E1685000EC3C8 /* StaffSettingViewController.m in Sources */,
				EA2E87D81EC23ED60037CE77 /* GeneralViewController4.m in Sources */,
				EA5DC72F1ED3EFBD00F65B7D /* DetailCommandViewController.m in Sources */,
				EAC4C1831EAB063B00633807 /* CurrentInfoRecord.m in Sources */,
				EA5DA3461ECD8A6C00867E28 /* CustomAlertView.m in Sources */,
				EA241B5C1EB2E8310070C508 /* FoodRecord.m in Sources */,
				EA37C2621ED286E700ECD7EE /* UserAreaRecord.m in Sources */,
				EAC4C1971EAB537800633807 /* ManagerDetailViewController.m in Sources */,
				EA2835611EC0D99F00318603 /* StaffCommandTableViewCell.m in Sources */,
				EA2E87CE1EC23EB00037CE77 /* GeneralViewController2.m in Sources */,
				EAC4C1A11EAB543500633807 /* FoodViewController.m in Sources */,
				EAC4C18D1EAB299E00633807 /* HomeTableViewCell_Manager.m in Sources */,
				EA2FAAE11ECE16E2004F3B28 /* FoodViewController1.m in Sources */,
				EA2390111EBA366F0098A867 /* RowRecord.m in Sources */,
				EA3A00431EBB738A002DFABE /* UploadQueue.m in Sources */,
				EA5671E01EB1D42A002D69C9 /* ShowOptionViewController.m in Sources */,
				EAE50CDB1E9C8ADE00CB1EBD /* ViewController.m in Sources */,
				EA40E3E01EB08136000CE84F /* UploadViewController2.m in Sources */,
				EA4FC27D1EC8633600286514 /* FishSizeRecord.m in Sources */,
				EA23900A1EBA2C540098A867 /* MedicineTableViewCell.m in Sources */,
				EAE50CF81E9C8FB300CB1EBD /* DataProxy.m in Sources */,
				EA4FC2801EC8677B00286514 /* ChartFoodRecord.m in Sources */,
				EAE50CD81E9C8ADE00CB1EBD /* AppDelegate.m in Sources */,
				EA28355D1EC0D5F700318603 /* CommandRecord.m in Sources */,
				EAFA7EF91E9E16A0000EC3C8 /* ManagerListViewController.m in Sources */,
				EA3A00491EBB7888002DFABE /* PhotoUpload.m in Sources */,
				EAADFFFD1ED580DA008D7C75 /* NotificationRecord.m in Sources */,
				EAC4C19C1EAB540B00633807 /* GeneralViewController.m in Sources */,
				EA40E3E51EB08149000CE84F /* UploadViewController3.m in Sources */,
				EAAD00001ED58135008D7C75 /* NotificationDataRecord.m in Sources */,
				EA241B591EB2E81A0070C508 /* ListDataRecord.m in Sources */,
				EAE50CF61E9C8FB300CB1EBD /* BaseOperation.m in Sources */,
				EAE50D071E9CD73100CB1EBD /* LoginViewController.m in Sources */,
				EAAD00031ED589D5008D7C75 /* UIBarButtonItem+Badge.m in Sources */,
				EA40E3DB1EB0811D000CE84F /* UploadViewController1.m in Sources */,
				EAC4C1921EAB342500633807 /* StaffDetailViewController.m in Sources */,
				EAE50CD51E9C8ADE00CB1EBD /* main.m in Sources */,
				EA2E87D31EC23EC00037CE77 /* GeneralViewController3.m in Sources */,
				EA4FC2771EC84A2D00286514 /* FishDeadRecord.m in Sources */,
			);
			runOnlyForDeploymentPostprocessing = 0;
		};
/* End PBXSourcesBuildPhase section */

/* Begin PBXVariantGroup section */
		EAE50CDC1E9C8ADE00CB1EBD /* Main.storyboard */ = {
			isa = PBXVariantGroup;
			children = (
				EAE50CDD1E9C8ADE00CB1EBD /* Base */,
			);
			name = Main.storyboard;
			sourceTree = "<group>";
		};
		EAE50CE11E9C8ADE00CB1EBD /* LaunchScreen.storyboard */ = {
			isa = PBXVariantGroup;
			children = (
				EAE50CE21E9C8ADE00CB1EBD /* Base */,
			);
			name = LaunchScreen.storyboard;
			sourceTree = "<group>";
		};
/* End PBXVariantGroup section */

/* Begin XCBuildConfiguration section */
		EAE50CE51E9C8ADE00CB1EBD /* Debug */ = {
			isa = XCBuildConfiguration;
			buildSettings = {
				ALWAYS_SEARCH_USER_PATHS = NO;
				CLANG_ANALYZER_NONNULL = YES;
				CLANG_CXX_LANGUAGE_STANDARD = "gnu++0x";
				CLANG_CXX_LIBRARY = "libc++";
				CLANG_ENABLE_MODULES = YES;
				CLANG_ENABLE_OBJC_ARC = YES;
				CLANG_WARN_BOOL_CONVERSION = YES;
				CLANG_WARN_CONSTANT_CONVERSION = YES;
				CLANG_WARN_DIRECT_OBJC_ISA_USAGE = YES_ERROR;
				CLANG_WARN_DOCUMENTATION_COMMENTS = YES;
				CLANG_WARN_EMPTY_BODY = YES;
				CLANG_WARN_ENUM_CONVERSION = YES;
				CLANG_WARN_INFINITE_RECURSION = YES;
				CLANG_WARN_INT_CONVERSION = YES;
				CLANG_WARN_OBJC_ROOT_CLASS = YES_ERROR;
				CLANG_WARN_SUSPICIOUS_MOVE = YES;
				CLANG_WARN_UNREACHABLE_CODE = YES;
				CLANG_WARN__DUPLICATE_METHOD_MATCH = YES;
				"CODE_SIGN_IDENTITY[sdk=iphoneos*]" = "iPhone Developer";
				COPY_PHASE_STRIP = NO;
				DEBUG_INFORMATION_FORMAT = dwarf;
				ENABLE_STRICT_OBJC_MSGSEND = YES;
				ENABLE_TESTABILITY = YES;
				GCC_C_LANGUAGE_STANDARD = gnu99;
				GCC_DYNAMIC_NO_PIC = NO;
				GCC_NO_COMMON_BLOCKS = YES;
				GCC_OPTIMIZATION_LEVEL = 0;
				GCC_PREPROCESSOR_DEFINITIONS = (
					"DEBUG=1",
					"$(inherited)",
				);
				GCC_WARN_64_TO_32_BIT_CONVERSION = YES;
				GCC_WARN_ABOUT_RETURN_TYPE = YES_ERROR;
				GCC_WARN_UNDECLARED_SELECTOR = YES;
				GCC_WARN_UNINITIALIZED_AUTOS = YES_AGGRESSIVE;
				GCC_WARN_UNUSED_FUNCTION = YES;
				GCC_WARN_UNUSED_VARIABLE = YES;
				IPHONEOS_DEPLOYMENT_TARGET = 10.2;
				MTL_ENABLE_DEBUG_INFO = YES;
				ONLY_ACTIVE_ARCH = YES;
				SDKROOT = iphoneos;
			};
			name = Debug;
		};
		EAE50CE61E9C8ADE00CB1EBD /* Release */ = {
			isa = XCBuildConfiguration;
			buildSettings = {
				ALWAYS_SEARCH_USER_PATHS = NO;
				CLANG_ANALYZER_NONNULL = YES;
				CLANG_CXX_LANGUAGE_STANDARD = "gnu++0x";
				CLANG_CXX_LIBRARY = "libc++";
				CLANG_ENABLE_MODULES = YES;
				CLANG_ENABLE_OBJC_ARC = YES;
				CLANG_WARN_BOOL_CONVERSION = YES;
				CLANG_WARN_CONSTANT_CONVERSION = YES;
				CLANG_WARN_DIRECT_OBJC_ISA_USAGE = YES_ERROR;
				CLANG_WARN_DOCUMENTATION_COMMENTS = YES;
				CLANG_WARN_EMPTY_BODY = YES;
				CLANG_WARN_ENUM_CONVERSION = YES;
				CLANG_WARN_INFINITE_RECURSION = YES;
				CLANG_WARN_INT_CONVERSION = YES;
				CLANG_WARN_OBJC_ROOT_CLASS = YES_ERROR;
				CLANG_WARN_SUSPICIOUS_MOVE = YES;
				CLANG_WARN_UNREACHABLE_CODE = YES;
				CLANG_WARN__DUPLICATE_METHOD_MATCH = YES;
				"CODE_SIGN_IDENTITY[sdk=iphoneos*]" = "iPhone Developer";
				COPY_PHASE_STRIP = NO;
				DEBUG_INFORMATION_FORMAT = "dwarf-with-dsym";
				ENABLE_NS_ASSERTIONS = NO;
				ENABLE_STRICT_OBJC_MSGSEND = YES;
				GCC_C_LANGUAGE_STANDARD = gnu99;
				GCC_NO_COMMON_BLOCKS = YES;
				GCC_WARN_64_TO_32_BIT_CONVERSION = YES;
				GCC_WARN_ABOUT_RETURN_TYPE = YES_ERROR;
				GCC_WARN_UNDECLARED_SELECTOR = YES;
				GCC_WARN_UNINITIALIZED_AUTOS = YES_AGGRESSIVE;
				GCC_WARN_UNUSED_FUNCTION = YES;
				GCC_WARN_UNUSED_VARIABLE = YES;
				IPHONEOS_DEPLOYMENT_TARGET = 10.2;
				MTL_ENABLE_DEBUG_INFO = NO;
				SDKROOT = iphoneos;
				VALIDATE_PRODUCT = YES;
			};
			name = Release;
		};
		EAE50CE81E9C8ADE00CB1EBD /* Debug */ = {
			isa = XCBuildConfiguration;
			baseConfigurationReference = AA17013B6BCA3DB58B5FAE14 /* Pods-AMS.debug.xcconfig */;
			buildSettings = {
				ASSETCATALOG_COMPILER_APPICON_NAME = AppIcon;
				ASSETCATALOG_COMPILER_LAUNCHIMAGE_NAME = LaunchImage;
				CODE_SIGN_ENTITLEMENTS = AMS/AMS.entitlements;
				DEVELOPMENT_TEAM = 7755R4CX4U;
				GCC_PRECOMPILE_PREFIX_HEADER = YES;
				GCC_PREFIX_HEADER = AMS/PrefixHeader.pch;
				INFOPLIST_FILE = AMS/Info.plist;
				IPHONEOS_DEPLOYMENT_TARGET = 8.0;
				LD_RUNPATH_SEARCH_PATHS = "$(inherited) @executable_path/Frameworks";
				PRODUCT_BUNDLE_IDENTIFIER = com.tech.AMS;
				PRODUCT_NAME = "$(TARGET_NAME)";
				PROVISIONING_PROFILE = "6a97a9f4-00c1-40b1-8a5e-4726bf592bc4";
				PROVISIONING_PROFILE_SPECIFIER = "AMS-Develoment";
			};
			name = Debug;
		};
		EAE50CE91E9C8ADE00CB1EBD /* Release */ = {
			isa = XCBuildConfiguration;
			baseConfigurationReference = 9F3D00199450863E3BE6C761 /* Pods-AMS.release.xcconfig */;
			buildSettings = {
				ASSETCATALOG_COMPILER_APPICON_NAME = AppIcon;
				ASSETCATALOG_COMPILER_LAUNCHIMAGE_NAME = LaunchImage;
				CODE_SIGN_ENTITLEMENTS = AMS/AMS.entitlements;
				DEVELOPMENT_TEAM = 7755R4CX4U;
				GCC_PRECOMPILE_PREFIX_HEADER = YES;
				GCC_PREFIX_HEADER = AMS/PrefixHeader.pch;
				INFOPLIST_FILE = AMS/Info.plist;
				IPHONEOS_DEPLOYMENT_TARGET = 8.0;
				LD_RUNPATH_SEARCH_PATHS = "$(inherited) @executable_path/Frameworks";
				PRODUCT_BUNDLE_IDENTIFIER = com.tech.AMS;
				PRODUCT_NAME = "$(TARGET_NAME)";
				PROVISIONING_PROFILE = "6a97a9f4-00c1-40b1-8a5e-4726bf592bc4";
				PROVISIONING_PROFILE_SPECIFIER = "AMS-Develoment";
			};
			name = Release;
		};
/* End XCBuildConfiguration section */

/* Begin XCConfigurationList section */
		EAE50CCB1E9C8ADE00CB1EBD /* Build configuration list for PBXProject "AMS" */ = {
			isa = XCConfigurationList;
			buildConfigurations = (
				EAE50CE51E9C8ADE00CB1EBD /* Debug */,
				EAE50CE61E9C8ADE00CB1EBD /* Release */,
			);
			defaultConfigurationIsVisible = 0;
			defaultConfigurationName = Release;
		};
		EAE50CE71E9C8ADE00CB1EBD /* Build configuration list for PBXNativeTarget "AMS" */ = {
			isa = XCConfigurationList;
			buildConfigurations = (
				EAE50CE81E9C8ADE00CB1EBD /* Debug */,
				EAE50CE91E9C8ADE00CB1EBD /* Release */,
			);
			defaultConfigurationIsVisible = 0;
			defaultConfigurationName = Release;
		};
/* End XCConfigurationList section */
	};
	rootObject = EAE50CC81E9C8ADE00CB1EBD /* Project object */;
}
